// !$*UTF8*$!
{
	archiveVersion = 1;
	classes = {
	};
	objectVersion = 46;
	objects = {

/* Begin PBXBuildFile section */
		0238E9351E69B53200BF26D4 /* ScrollViewPage.swift in Sources */ = {isa = PBXBuildFile; fileRef = 0238E9341E69B53200BF26D4 /* ScrollViewPage.swift */; };
		024E88731DA1597900826334 /* ReactiveSwift.framework in Frameworks */ = {isa = PBXBuildFile; fileRef = 024E88721DA1597900826334 /* ReactiveSwift.framework */; };
		02DE3C221D258C79002B58E2 /* FueledUtils.h in Headers */ = {isa = PBXBuildFile; fileRef = 02DE3C211D258C79002B58E2 /* FueledUtils.h */; settings = {ATTRIBUTES = (Public, ); }; };
		02DE3C2A1D258E02002B58E2 /* ReactiveCocoa.framework in Frameworks */ = {isa = PBXBuildFile; fileRef = 02DE3C291D258E02002B58E2 /* ReactiveCocoa.framework */; };
		02DE3C3C1D258FD1002B58E2 /* ReactiveSwiftExtensions.swift in Sources */ = {isa = PBXBuildFile; fileRef = 02DE3C351D258FD1002B58E2 /* ReactiveSwiftExtensions.swift */; };
		02DE3C3E1D258FD1002B58E2 /* SequenceExtensions.swift in Sources */ = {isa = PBXBuildFile; fileRef = 02DE3C371D258FD1002B58E2 /* SequenceExtensions.swift */; };
		02DE3C3F1D258FD1002B58E2 /* SignalingAlert.swift in Sources */ = {isa = PBXBuildFile; fileRef = 02DE3C381D258FD1002B58E2 /* SignalingAlert.swift */; };
		02DE3C421D258FD1002B58E2 /* StringExtensions.swift in Sources */ = {isa = PBXBuildFile; fileRef = 02DE3C3B1D258FD1002B58E2 /* StringExtensions.swift */; };
		02DE3C441D25928F002B58E2 /* KeyboardInsetHelper.swift in Sources */ = {isa = PBXBuildFile; fileRef = 02DE3C431D25928F002B58E2 /* KeyboardInsetHelper.swift */; };
		02DE3C461D25933E002B58E2 /* HairlineView.swift in Sources */ = {isa = PBXBuildFile; fileRef = 02DE3C451D25933E002B58E2 /* HairlineView.swift */; };
		02DE3C491D25952A002B58E2 /* NSDecimalNumberOperators.swift in Sources */ = {isa = PBXBuildFile; fileRef = 02DE3C471D25952A002B58E2 /* NSDecimalNumberOperators.swift */; };
		02DE3C4A1D25952A002B58E2 /* Regex.swift in Sources */ = {isa = PBXBuildFile; fileRef = 02DE3C481D25952A002B58E2 /* Regex.swift */; };
		02DE3C4D1D259628002B58E2 /* ButtonWithTitleAdjustment.swift in Sources */ = {isa = PBXBuildFile; fileRef = 02DE3C4B1D259628002B58E2 /* ButtonWithTitleAdjustment.swift */; };
		02DE3C4E1D259628002B58E2 /* LabelWithTitleAdjustment.swift in Sources */ = {isa = PBXBuildFile; fileRef = 02DE3C4C1D259628002B58E2 /* LabelWithTitleAdjustment.swift */; };
		02DE3C501D259966002B58E2 /* SetRootViewController.swift in Sources */ = {isa = PBXBuildFile; fileRef = 02DE3C4F1D259966002B58E2 /* SetRootViewController.swift */; };
		02DE3C551D259FA9002B58E2 /* DimmingButton.swift in Sources */ = {isa = PBXBuildFile; fileRef = 02DE3C541D259FA9002B58E2 /* DimmingButton.swift */; };
		02DE3C571D25A24B002B58E2 /* DecoratingTextFieldDelegate.swift in Sources */ = {isa = PBXBuildFile; fileRef = 02DE3C561D25A24B002B58E2 /* DecoratingTextFieldDelegate.swift */; };
		02DF8ECB1E6464AB009AB29C /* ReactiveLifetimeProvider.swift in Sources */ = {isa = PBXBuildFile; fileRef = 02DF8ECA1E6464AB009AB29C /* ReactiveLifetimeProvider.swift */; };
		02E626091D340F0C0041E512 /* LoadingState.swift in Sources */ = {isa = PBXBuildFile; fileRef = 02E626081D340F0C0041E512 /* LoadingState.swift */; };
		35996E0F1F55C3E1004D6AC0 /* FoundationExtensions.swift in Sources */ = {isa = PBXBuildFile; fileRef = 35996E0E1F55C3E1004D6AC0 /* FoundationExtensions.swift */; };
		991267652257405F00D39A08 /* ReactiveCocoaExtensions.swift in Sources */ = {isa = PBXBuildFile; fileRef = F40C574121F909290006FB3F /* ReactiveCocoaExtensions.swift */; };
		99126766225740DB00D39A08 /* UIExtensions.swift in Sources */ = {isa = PBXBuildFile; fileRef = 02DE3C3A1D258FD1002B58E2 /* UIExtensions.swift */; };
		DFA57F0621E7A64200467647 /* GradientView.swift in Sources */ = {isa = PBXBuildFile; fileRef = DFA57F0521E7A64200467647 /* GradientView.swift */; };
		F40C574221F9092A0006FB3F /* ReactiveCocoaExtensions.swift in Sources */ = {isa = PBXBuildFile; fileRef = F40C574121F909290006FB3F /* ReactiveCocoaExtensions.swift */; };
		F40C574421F909A60006FB3F /* ActionProtocol.swift in Sources */ = {isa = PBXBuildFile; fileRef = F40C574321F909A60006FB3F /* ActionProtocol.swift */; };
		F40C574621F90BD10006FB3F /* TypedSerialDisposable.swift in Sources */ = {isa = PBXBuildFile; fileRef = F40C574521F90BD10006FB3F /* TypedSerialDisposable.swift */; };
		F40C574821F9182B0006FB3F /* TransferState.swift in Sources */ = {isa = PBXBuildFile; fileRef = F40C574721F9182B0006FB3F /* TransferState.swift */; };
		F45268392355E83200DA9B9B /* CoalescingActionSpec.swift in Sources */ = {isa = PBXBuildFile; fileRef = F45268382355E83200DA9B9B /* CoalescingActionSpec.swift */; };
		F463DFC1222D83060031AAA5 /* ActionProtocol.swift in Sources */ = {isa = PBXBuildFile; fileRef = F40C574321F909A60006FB3F /* ActionProtocol.swift */; };
		F463DFC2222D83060031AAA5 /* ButtonWithTitleAdjustment.swift in Sources */ = {isa = PBXBuildFile; fileRef = 02DE3C4B1D259628002B58E2 /* ButtonWithTitleAdjustment.swift */; };
		F463DFC3222D83060031AAA5 /* CoalescingAction.swift in Sources */ = {isa = PBXBuildFile; fileRef = F464775C21FA3FA5005F8B7E /* CoalescingAction.swift */; };
		F463DFC4222D83060031AAA5 /* CollectionExtensions.swift in Sources */ = {isa = PBXBuildFile; fileRef = F4A619541F47263100777BB2 /* CollectionExtensions.swift */; };
		F463DFC5222D83060031AAA5 /* DecoratingTextFieldDelegate.swift in Sources */ = {isa = PBXBuildFile; fileRef = 02DE3C561D25A24B002B58E2 /* DecoratingTextFieldDelegate.swift */; };
		F463DFC6222D83060031AAA5 /* DimmingButton.swift in Sources */ = {isa = PBXBuildFile; fileRef = 02DE3C541D259FA9002B58E2 /* DimmingButton.swift */; };
		F463DFC7222D83060031AAA5 /* TransferState.swift in Sources */ = {isa = PBXBuildFile; fileRef = F40C574721F9182B0006FB3F /* TransferState.swift */; };
		F463DFC8222D83060031AAA5 /* FoundationExtensions.swift in Sources */ = {isa = PBXBuildFile; fileRef = 35996E0E1F55C3E1004D6AC0 /* FoundationExtensions.swift */; };
		F463DFC9222D83060031AAA5 /* HairlineView.swift in Sources */ = {isa = PBXBuildFile; fileRef = 02DE3C451D25933E002B58E2 /* HairlineView.swift */; };
		F463DFCB222D83060031AAA5 /* LabelWithTitleAdjustment.swift in Sources */ = {isa = PBXBuildFile; fileRef = 02DE3C4C1D259628002B58E2 /* LabelWithTitleAdjustment.swift */; };
		F463DFCC222D83060031AAA5 /* LoadingState.swift in Sources */ = {isa = PBXBuildFile; fileRef = 02E626081D340F0C0041E512 /* LoadingState.swift */; };
		F463DFCD222D83060031AAA5 /* NSDecimalNumberOperators.swift in Sources */ = {isa = PBXBuildFile; fileRef = 02DE3C471D25952A002B58E2 /* NSDecimalNumberOperators.swift */; };
		F463DFCF222D83060031AAA5 /* ReactiveLifetimeProvider.swift in Sources */ = {isa = PBXBuildFile; fileRef = 02DF8ECA1E6464AB009AB29C /* ReactiveLifetimeProvider.swift */; };
		F463DFD0222D83060031AAA5 /* ReactiveSwiftExtensions.swift in Sources */ = {isa = PBXBuildFile; fileRef = 02DE3C351D258FD1002B58E2 /* ReactiveSwiftExtensions.swift */; };
		F463DFD1222D83060031AAA5 /* Regex.swift in Sources */ = {isa = PBXBuildFile; fileRef = 02DE3C481D25952A002B58E2 /* Regex.swift */; };
		F463DFD2222D83060031AAA5 /* ScrollViewPage.swift in Sources */ = {isa = PBXBuildFile; fileRef = 0238E9341E69B53200BF26D4 /* ScrollViewPage.swift */; };
		F463DFD3222D83060031AAA5 /* SequenceExtensions.swift in Sources */ = {isa = PBXBuildFile; fileRef = 02DE3C371D258FD1002B58E2 /* SequenceExtensions.swift */; };
		F463DFD4222D83060031AAA5 /* SetRootViewController.swift in Sources */ = {isa = PBXBuildFile; fileRef = 02DE3C4F1D259966002B58E2 /* SetRootViewController.swift */; };
		F463DFD5222D83060031AAA5 /* SignalingAlert.swift in Sources */ = {isa = PBXBuildFile; fileRef = 02DE3C381D258FD1002B58E2 /* SignalingAlert.swift */; };
		F463DFD6222D83060031AAA5 /* StringExtensions.swift in Sources */ = {isa = PBXBuildFile; fileRef = 02DE3C3B1D258FD1002B58E2 /* StringExtensions.swift */; };
		F463DFD7222D83060031AAA5 /* TypedSerialDisposable.swift in Sources */ = {isa = PBXBuildFile; fileRef = F40C574521F90BD10006FB3F /* TypedSerialDisposable.swift */; };
		F463DFD9222D83060031AAA5 /* GradientView.swift in Sources */ = {isa = PBXBuildFile; fileRef = DFA57F0521E7A64200467647 /* GradientView.swift */; };
		F463DFDA222D83060031AAA5 /* ActionProtocol.swift in Sources */ = {isa = PBXBuildFile; fileRef = F40C574321F909A60006FB3F /* ActionProtocol.swift */; };
		F463DFDC222D83060031AAA5 /* CoalescingAction.swift in Sources */ = {isa = PBXBuildFile; fileRef = F464775C21FA3FA5005F8B7E /* CoalescingAction.swift */; };
		F463DFDD222D83060031AAA5 /* CollectionExtensions.swift in Sources */ = {isa = PBXBuildFile; fileRef = F4A619541F47263100777BB2 /* CollectionExtensions.swift */; };
		F463DFE0222D83060031AAA5 /* TransferState.swift in Sources */ = {isa = PBXBuildFile; fileRef = F40C574721F9182B0006FB3F /* TransferState.swift */; };
		F463DFE1222D83060031AAA5 /* FoundationExtensions.swift in Sources */ = {isa = PBXBuildFile; fileRef = 35996E0E1F55C3E1004D6AC0 /* FoundationExtensions.swift */; };
		F463DFE5222D83060031AAA5 /* LoadingState.swift in Sources */ = {isa = PBXBuildFile; fileRef = 02E626081D340F0C0041E512 /* LoadingState.swift */; };
		F463DFE6222D83060031AAA5 /* NSDecimalNumberOperators.swift in Sources */ = {isa = PBXBuildFile; fileRef = 02DE3C471D25952A002B58E2 /* NSDecimalNumberOperators.swift */; };
		F463DFE8222D83060031AAA5 /* ReactiveLifetimeProvider.swift in Sources */ = {isa = PBXBuildFile; fileRef = 02DF8ECA1E6464AB009AB29C /* ReactiveLifetimeProvider.swift */; };
		F463DFE9222D83060031AAA5 /* ReactiveSwiftExtensions.swift in Sources */ = {isa = PBXBuildFile; fileRef = 02DE3C351D258FD1002B58E2 /* ReactiveSwiftExtensions.swift */; };
		F463DFEA222D83060031AAA5 /* Regex.swift in Sources */ = {isa = PBXBuildFile; fileRef = 02DE3C481D25952A002B58E2 /* Regex.swift */; };
		F463DFEC222D83060031AAA5 /* SequenceExtensions.swift in Sources */ = {isa = PBXBuildFile; fileRef = 02DE3C371D258FD1002B58E2 /* SequenceExtensions.swift */; };
		F463DFEF222D83060031AAA5 /* StringExtensions.swift in Sources */ = {isa = PBXBuildFile; fileRef = 02DE3C3B1D258FD1002B58E2 /* StringExtensions.swift */; };
		F463DFF0222D83060031AAA5 /* TypedSerialDisposable.swift in Sources */ = {isa = PBXBuildFile; fileRef = F40C574521F90BD10006FB3F /* TypedSerialDisposable.swift */; };
		F463DFF3222D83070031AAA5 /* ActionProtocol.swift in Sources */ = {isa = PBXBuildFile; fileRef = F40C574321F909A60006FB3F /* ActionProtocol.swift */; };
		F463DFF5222D83070031AAA5 /* CoalescingAction.swift in Sources */ = {isa = PBXBuildFile; fileRef = F464775C21FA3FA5005F8B7E /* CoalescingAction.swift */; };
		F463DFF6222D83070031AAA5 /* CollectionExtensions.swift in Sources */ = {isa = PBXBuildFile; fileRef = F4A619541F47263100777BB2 /* CollectionExtensions.swift */; };
		F463DFF9222D83070031AAA5 /* TransferState.swift in Sources */ = {isa = PBXBuildFile; fileRef = F40C574721F9182B0006FB3F /* TransferState.swift */; };
		F463DFFA222D83070031AAA5 /* FoundationExtensions.swift in Sources */ = {isa = PBXBuildFile; fileRef = 35996E0E1F55C3E1004D6AC0 /* FoundationExtensions.swift */; };
		F463DFFE222D83070031AAA5 /* LoadingState.swift in Sources */ = {isa = PBXBuildFile; fileRef = 02E626081D340F0C0041E512 /* LoadingState.swift */; };
		F463DFFF222D83070031AAA5 /* NSDecimalNumberOperators.swift in Sources */ = {isa = PBXBuildFile; fileRef = 02DE3C471D25952A002B58E2 /* NSDecimalNumberOperators.swift */; };
		F463E002222D83070031AAA5 /* ReactiveSwiftExtensions.swift in Sources */ = {isa = PBXBuildFile; fileRef = 02DE3C351D258FD1002B58E2 /* ReactiveSwiftExtensions.swift */; };
		F463E003222D83070031AAA5 /* Regex.swift in Sources */ = {isa = PBXBuildFile; fileRef = 02DE3C481D25952A002B58E2 /* Regex.swift */; };
		F463E005222D83070031AAA5 /* SequenceExtensions.swift in Sources */ = {isa = PBXBuildFile; fileRef = 02DE3C371D258FD1002B58E2 /* SequenceExtensions.swift */; };
		F463E008222D83070031AAA5 /* StringExtensions.swift in Sources */ = {isa = PBXBuildFile; fileRef = 02DE3C3B1D258FD1002B58E2 /* StringExtensions.swift */; };
		F463E009222D83070031AAA5 /* TypedSerialDisposable.swift in Sources */ = {isa = PBXBuildFile; fileRef = F40C574521F90BD10006FB3F /* TypedSerialDisposable.swift */; };
		F463E00D222D836E0031AAA5 /* ReactiveCocoa.framework in Frameworks */ = {isa = PBXBuildFile; fileRef = F463E00C222D836E0031AAA5 /* ReactiveCocoa.framework */; };
		F463E00F222D836E0031AAA5 /* ReactiveSwift.framework in Frameworks */ = {isa = PBXBuildFile; fileRef = F463E00E222D836E0031AAA5 /* ReactiveSwift.framework */; };
		F463E013222D837D0031AAA5 /* ReactiveCocoa.framework in Frameworks */ = {isa = PBXBuildFile; fileRef = F463E012222D837D0031AAA5 /* ReactiveCocoa.framework */; };
		F463E017222D837D0031AAA5 /* ReactiveSwift.framework in Frameworks */ = {isa = PBXBuildFile; fileRef = F463E016222D837D0031AAA5 /* ReactiveSwift.framework */; };
		F463E019222D83890031AAA5 /* ReactiveCocoa.framework in Frameworks */ = {isa = PBXBuildFile; fileRef = F463E018222D83890031AAA5 /* ReactiveCocoa.framework */; };
		F463E01B222D83890031AAA5 /* ReactiveSwift.framework in Frameworks */ = {isa = PBXBuildFile; fileRef = F463E01A222D83890031AAA5 /* ReactiveSwift.framework */; };
		F463E020222D83C40031AAA5 /* UIExtensions.swift in Sources */ = {isa = PBXBuildFile; fileRef = 02DE3C3A1D258FD1002B58E2 /* UIExtensions.swift */; };
		F463E022222D84620031AAA5 /* ReactiveLifetimeProvider.swift in Sources */ = {isa = PBXBuildFile; fileRef = 02DF8ECA1E6464AB009AB29C /* ReactiveLifetimeProvider.swift */; };
		F464775D21FA3FA5005F8B7E /* CoalescingAction.swift in Sources */ = {isa = PBXBuildFile; fileRef = F464775C21FA3FA5005F8B7E /* CoalescingAction.swift */; };
		F4A619551F47263100777BB2 /* CollectionExtensions.swift in Sources */ = {isa = PBXBuildFile; fileRef = F4A619541F47263100777BB2 /* CollectionExtensions.swift */; };
		F4CBDF182200A72400DF24DD /* ReactiveSwiftExtensionsSpec.swift in Sources */ = {isa = PBXBuildFile; fileRef = F4CBDF172200A72400DF24DD /* ReactiveSwiftExtensionsSpec.swift */; };
		F4CBDF1E2200A99A00DF24DD /* Nimble.framework in Frameworks */ = {isa = PBXBuildFile; fileRef = F4CBDF1D2200A99A00DF24DD /* Nimble.framework */; };
		F4CBDF202200A99A00DF24DD /* Quick.framework in Frameworks */ = {isa = PBXBuildFile; fileRef = F4CBDF1F2200A99A00DF24DD /* Quick.framework */; };
		F4CBDF222200A99A00DF24DD /* ReactiveCocoa.framework in Frameworks */ = {isa = PBXBuildFile; fileRef = F4CBDF212200A99A00DF24DD /* ReactiveCocoa.framework */; };
		F4CBDF242200A99A00DF24DD /* ReactiveSwift.framework in Frameworks */ = {isa = PBXBuildFile; fileRef = F4CBDF232200A99A00DF24DD /* ReactiveSwift.framework */; };
		F4CBDF272200A99A00DF24DD /* FueledUtils.framework in Frameworks */ = {isa = PBXBuildFile; fileRef = 02DE3C1E1D258C79002B58E2 /* FueledUtils.framework */; };
/* End PBXBuildFile section */

/* Begin PBXFileReference section */
		0238E9341E69B53200BF26D4 /* ScrollViewPage.swift */ = {isa = PBXFileReference; fileEncoding = 4; lastKnownFileType = sourcecode.swift; path = ScrollViewPage.swift; sourceTree = "<group>"; };
		024E88721DA1597900826334 /* ReactiveSwift.framework */ = {isa = PBXFileReference; lastKnownFileType = wrapper.framework; name = ReactiveSwift.framework; path = "Carthage/Checkouts/ReactiveSwift/build/Debug-iphoneos/ReactiveSwift.framework"; sourceTree = "<group>"; };
		02DE3C1E1D258C79002B58E2 /* FueledUtils.framework */ = {isa = PBXFileReference; explicitFileType = wrapper.framework; includeInIndex = 0; path = FueledUtils.framework; sourceTree = BUILT_PRODUCTS_DIR; };
		02DE3C211D258C79002B58E2 /* FueledUtils.h */ = {isa = PBXFileReference; lastKnownFileType = sourcecode.c.h; path = FueledUtils.h; sourceTree = "<group>"; };
		02DE3C231D258C79002B58E2 /* Info.plist */ = {isa = PBXFileReference; lastKnownFileType = text.plist.xml; path = Info.plist; sourceTree = "<group>"; };
		02DE3C291D258E02002B58E2 /* ReactiveCocoa.framework */ = {isa = PBXFileReference; lastKnownFileType = wrapper.framework; path = ReactiveCocoa.framework; sourceTree = BUILT_PRODUCTS_DIR; };
		02DE3C351D258FD1002B58E2 /* ReactiveSwiftExtensions.swift */ = {isa = PBXFileReference; fileEncoding = 4; lastKnownFileType = sourcecode.swift; path = ReactiveSwiftExtensions.swift; sourceTree = "<group>"; };
		02DE3C371D258FD1002B58E2 /* SequenceExtensions.swift */ = {isa = PBXFileReference; fileEncoding = 4; lastKnownFileType = sourcecode.swift; path = SequenceExtensions.swift; sourceTree = "<group>"; };
		02DE3C381D258FD1002B58E2 /* SignalingAlert.swift */ = {isa = PBXFileReference; fileEncoding = 4; lastKnownFileType = sourcecode.swift; path = SignalingAlert.swift; sourceTree = "<group>"; };
		02DE3C3A1D258FD1002B58E2 /* UIExtensions.swift */ = {isa = PBXFileReference; fileEncoding = 4; lastKnownFileType = sourcecode.swift; path = UIExtensions.swift; sourceTree = "<group>"; };
		02DE3C3B1D258FD1002B58E2 /* StringExtensions.swift */ = {isa = PBXFileReference; fileEncoding = 4; lastKnownFileType = sourcecode.swift; path = StringExtensions.swift; sourceTree = "<group>"; };
		02DE3C431D25928F002B58E2 /* KeyboardInsetHelper.swift */ = {isa = PBXFileReference; fileEncoding = 4; lastKnownFileType = sourcecode.swift; path = KeyboardInsetHelper.swift; sourceTree = "<group>"; };
		02DE3C451D25933E002B58E2 /* HairlineView.swift */ = {isa = PBXFileReference; fileEncoding = 4; lastKnownFileType = sourcecode.swift; path = HairlineView.swift; sourceTree = "<group>"; };
		02DE3C471D25952A002B58E2 /* NSDecimalNumberOperators.swift */ = {isa = PBXFileReference; fileEncoding = 4; lastKnownFileType = sourcecode.swift; path = NSDecimalNumberOperators.swift; sourceTree = "<group>"; };
		02DE3C481D25952A002B58E2 /* Regex.swift */ = {isa = PBXFileReference; fileEncoding = 4; lastKnownFileType = sourcecode.swift; path = Regex.swift; sourceTree = "<group>"; };
		02DE3C4B1D259628002B58E2 /* ButtonWithTitleAdjustment.swift */ = {isa = PBXFileReference; fileEncoding = 4; lastKnownFileType = sourcecode.swift; path = ButtonWithTitleAdjustment.swift; sourceTree = "<group>"; };
		02DE3C4C1D259628002B58E2 /* LabelWithTitleAdjustment.swift */ = {isa = PBXFileReference; fileEncoding = 4; lastKnownFileType = sourcecode.swift; path = LabelWithTitleAdjustment.swift; sourceTree = "<group>"; };
		02DE3C4F1D259966002B58E2 /* SetRootViewController.swift */ = {isa = PBXFileReference; fileEncoding = 4; lastKnownFileType = sourcecode.swift; path = SetRootViewController.swift; sourceTree = "<group>"; };
		02DE3C541D259FA9002B58E2 /* DimmingButton.swift */ = {isa = PBXFileReference; fileEncoding = 4; lastKnownFileType = sourcecode.swift; path = DimmingButton.swift; sourceTree = "<group>"; };
		02DE3C561D25A24B002B58E2 /* DecoratingTextFieldDelegate.swift */ = {isa = PBXFileReference; fileEncoding = 4; lastKnownFileType = sourcecode.swift; path = DecoratingTextFieldDelegate.swift; sourceTree = "<group>"; };
		02DF8ECA1E6464AB009AB29C /* ReactiveLifetimeProvider.swift */ = {isa = PBXFileReference; fileEncoding = 4; lastKnownFileType = sourcecode.swift; path = ReactiveLifetimeProvider.swift; sourceTree = "<group>"; };
		02E626081D340F0C0041E512 /* LoadingState.swift */ = {isa = PBXFileReference; fileEncoding = 4; lastKnownFileType = sourcecode.swift; path = LoadingState.swift; sourceTree = "<group>"; };
		35996E0E1F55C3E1004D6AC0 /* FoundationExtensions.swift */ = {isa = PBXFileReference; lastKnownFileType = sourcecode.swift; path = FoundationExtensions.swift; sourceTree = "<group>"; };
		DFA57F0521E7A64200467647 /* GradientView.swift */ = {isa = PBXFileReference; lastKnownFileType = sourcecode.swift; path = GradientView.swift; sourceTree = "<group>"; };
		F40C574121F909290006FB3F /* ReactiveCocoaExtensions.swift */ = {isa = PBXFileReference; fileEncoding = 4; lastKnownFileType = sourcecode.swift; path = ReactiveCocoaExtensions.swift; sourceTree = "<group>"; };
		F40C574321F909A60006FB3F /* ActionProtocol.swift */ = {isa = PBXFileReference; lastKnownFileType = sourcecode.swift; path = ActionProtocol.swift; sourceTree = "<group>"; };
		F40C574521F90BD10006FB3F /* TypedSerialDisposable.swift */ = {isa = PBXFileReference; lastKnownFileType = sourcecode.swift; path = TypedSerialDisposable.swift; sourceTree = "<group>"; };
		F40C574721F9182B0006FB3F /* TransferState.swift */ = {isa = PBXFileReference; fileEncoding = 4; lastKnownFileType = sourcecode.swift; path = TransferState.swift; sourceTree = "<group>"; };
		F45268382355E83200DA9B9B /* CoalescingActionSpec.swift */ = {isa = PBXFileReference; fileEncoding = 4; lastKnownFileType = sourcecode.swift; path = CoalescingActionSpec.swift; sourceTree = "<group>"; };
		F463DF9F222D81D50031AAA5 /* FueledUtils.framework */ = {isa = PBXFileReference; explicitFileType = wrapper.framework; includeInIndex = 0; path = FueledUtils.framework; sourceTree = BUILT_PRODUCTS_DIR; };
		F463DFAC222D81E10031AAA5 /* FueledUtils.framework */ = {isa = PBXFileReference; explicitFileType = wrapper.framework; includeInIndex = 0; path = FueledUtils.framework; sourceTree = BUILT_PRODUCTS_DIR; };
		F463DFB9222D81F10031AAA5 /* FueledUtils.framework */ = {isa = PBXFileReference; explicitFileType = wrapper.framework; includeInIndex = 0; path = FueledUtils.framework; sourceTree = BUILT_PRODUCTS_DIR; };
		F463E00C222D836E0031AAA5 /* ReactiveCocoa.framework */ = {isa = PBXFileReference; explicitFileType = wrapper.framework; path = ReactiveCocoa.framework; sourceTree = BUILT_PRODUCTS_DIR; };
		F463E00E222D836E0031AAA5 /* ReactiveSwift.framework */ = {isa = PBXFileReference; explicitFileType = wrapper.framework; path = ReactiveSwift.framework; sourceTree = BUILT_PRODUCTS_DIR; };
		F463E012222D837D0031AAA5 /* ReactiveCocoa.framework */ = {isa = PBXFileReference; explicitFileType = wrapper.framework; path = ReactiveCocoa.framework; sourceTree = BUILT_PRODUCTS_DIR; };
		F463E014222D837D0031AAA5 /* ReactiveMapKit.framework */ = {isa = PBXFileReference; explicitFileType = wrapper.framework; path = ReactiveMapKit.framework; sourceTree = BUILT_PRODUCTS_DIR; };
		F463E016222D837D0031AAA5 /* ReactiveSwift.framework */ = {isa = PBXFileReference; explicitFileType = wrapper.framework; path = ReactiveSwift.framework; sourceTree = BUILT_PRODUCTS_DIR; };
		F463E018222D83890031AAA5 /* ReactiveCocoa.framework */ = {isa = PBXFileReference; explicitFileType = wrapper.framework; path = ReactiveCocoa.framework; sourceTree = BUILT_PRODUCTS_DIR; };
		F463E01A222D83890031AAA5 /* ReactiveSwift.framework */ = {isa = PBXFileReference; explicitFileType = wrapper.framework; path = ReactiveSwift.framework; sourceTree = BUILT_PRODUCTS_DIR; };
		F464775C21FA3FA5005F8B7E /* CoalescingAction.swift */ = {isa = PBXFileReference; fileEncoding = 4; lastKnownFileType = sourcecode.swift; path = CoalescingAction.swift; sourceTree = "<group>"; };
		F4A619541F47263100777BB2 /* CollectionExtensions.swift */ = {isa = PBXFileReference; fileEncoding = 4; lastKnownFileType = sourcecode.swift; path = CollectionExtensions.swift; sourceTree = "<group>"; };
		F4CBDF152200A72400DF24DD /* FueledUtilsTests.xctest */ = {isa = PBXFileReference; explicitFileType = wrapper.cfbundle; includeInIndex = 0; path = FueledUtilsTests.xctest; sourceTree = BUILT_PRODUCTS_DIR; };
		F4CBDF172200A72400DF24DD /* ReactiveSwiftExtensionsSpec.swift */ = {isa = PBXFileReference; lastKnownFileType = sourcecode.swift; path = ReactiveSwiftExtensionsSpec.swift; sourceTree = "<group>"; };
		F4CBDF192200A72400DF24DD /* Info.plist */ = {isa = PBXFileReference; lastKnownFileType = text.plist.xml; path = Info.plist; sourceTree = "<group>"; };
		F4CBDF1D2200A99A00DF24DD /* Nimble.framework */ = {isa = PBXFileReference; explicitFileType = wrapper.framework; path = Nimble.framework; sourceTree = BUILT_PRODUCTS_DIR; };
		F4CBDF1F2200A99A00DF24DD /* Quick.framework */ = {isa = PBXFileReference; explicitFileType = wrapper.framework; path = Quick.framework; sourceTree = BUILT_PRODUCTS_DIR; };
		F4CBDF212200A99A00DF24DD /* ReactiveCocoa.framework */ = {isa = PBXFileReference; explicitFileType = wrapper.framework; path = ReactiveCocoa.framework; sourceTree = BUILT_PRODUCTS_DIR; };
		F4CBDF232200A99A00DF24DD /* ReactiveSwift.framework */ = {isa = PBXFileReference; explicitFileType = wrapper.framework; path = ReactiveSwift.framework; sourceTree = BUILT_PRODUCTS_DIR; };
/* End PBXFileReference section */

/* Begin PBXFrameworksBuildPhase section */
		02DE3C1A1D258C79002B58E2 /* Frameworks */ = {
			isa = PBXFrameworksBuildPhase;
			buildActionMask = 2147483647;
			files = (
				02DE3C2A1D258E02002B58E2 /* ReactiveCocoa.framework in Frameworks */,
				024E88731DA1597900826334 /* ReactiveSwift.framework in Frameworks */,
			);
			runOnlyForDeploymentPostprocessing = 0;
		};
		F463DF9C222D81D50031AAA5 /* Frameworks */ = {
			isa = PBXFrameworksBuildPhase;
			buildActionMask = 2147483647;
			files = (
				F463E019222D83890031AAA5 /* ReactiveCocoa.framework in Frameworks */,
				F463E01B222D83890031AAA5 /* ReactiveSwift.framework in Frameworks */,
			);
			runOnlyForDeploymentPostprocessing = 0;
		};
		F463DFA9222D81E10031AAA5 /* Frameworks */ = {
			isa = PBXFrameworksBuildPhase;
			buildActionMask = 2147483647;
			files = (
				F463E013222D837D0031AAA5 /* ReactiveCocoa.framework in Frameworks */,
				F463E017222D837D0031AAA5 /* ReactiveSwift.framework in Frameworks */,
			);
			runOnlyForDeploymentPostprocessing = 0;
		};
		F463DFB6222D81F10031AAA5 /* Frameworks */ = {
			isa = PBXFrameworksBuildPhase;
			buildActionMask = 2147483647;
			files = (
				F463E00D222D836E0031AAA5 /* ReactiveCocoa.framework in Frameworks */,
				F463E00F222D836E0031AAA5 /* ReactiveSwift.framework in Frameworks */,
			);
			runOnlyForDeploymentPostprocessing = 0;
		};
		F4CBDF122200A72400DF24DD /* Frameworks */ = {
			isa = PBXFrameworksBuildPhase;
			buildActionMask = 2147483647;
			files = (
				F4CBDF272200A99A00DF24DD /* FueledUtils.framework in Frameworks */,
				F4CBDF1E2200A99A00DF24DD /* Nimble.framework in Frameworks */,
				F4CBDF202200A99A00DF24DD /* Quick.framework in Frameworks */,
				F4CBDF222200A99A00DF24DD /* ReactiveCocoa.framework in Frameworks */,
				F4CBDF242200A99A00DF24DD /* ReactiveSwift.framework in Frameworks */,
			);
			runOnlyForDeploymentPostprocessing = 0;
		};
/* End PBXFrameworksBuildPhase section */

/* Begin PBXGroup section */
		024E88711DA1597800826334 /* Frameworks */ = {
			isa = PBXGroup;
			children = (
				F463E018222D83890031AAA5 /* ReactiveCocoa.framework */,
				F463E01A222D83890031AAA5 /* ReactiveSwift.framework */,
				F463E012222D837D0031AAA5 /* ReactiveCocoa.framework */,
				F463E014222D837D0031AAA5 /* ReactiveMapKit.framework */,
				F463E016222D837D0031AAA5 /* ReactiveSwift.framework */,
				F463E00C222D836E0031AAA5 /* ReactiveCocoa.framework */,
				F463E00E222D836E0031AAA5 /* ReactiveSwift.framework */,
				F4CBDF1D2200A99A00DF24DD /* Nimble.framework */,
				F4CBDF1F2200A99A00DF24DD /* Quick.framework */,
				F4CBDF212200A99A00DF24DD /* ReactiveCocoa.framework */,
				F4CBDF232200A99A00DF24DD /* ReactiveSwift.framework */,
				024E88721DA1597900826334 /* ReactiveSwift.framework */,
			);
			name = Frameworks;
			sourceTree = "<group>";
		};
		02DE3C141D258C79002B58E2 = {
			isa = PBXGroup;
			children = (
				02DE3C201D258C79002B58E2 /* FueledUtils */,
				F4CBDF162200A72400DF24DD /* FueledUtilsTests */,
				02DE3C1F1D258C79002B58E2 /* Products */,
				02DE3C291D258E02002B58E2 /* ReactiveCocoa.framework */,
				024E88711DA1597800826334 /* Frameworks */,
			);
			sourceTree = "<group>";
		};
		02DE3C1F1D258C79002B58E2 /* Products */ = {
			isa = PBXGroup;
			children = (
				02DE3C1E1D258C79002B58E2 /* FueledUtils.framework */,
				F4CBDF152200A72400DF24DD /* FueledUtilsTests.xctest */,
				F463DF9F222D81D50031AAA5 /* FueledUtils.framework */,
				F463DFAC222D81E10031AAA5 /* FueledUtils.framework */,
				F463DFB9222D81F10031AAA5 /* FueledUtils.framework */,
			);
			name = Products;
			sourceTree = "<group>";
		};
		02DE3C201D258C79002B58E2 /* FueledUtils */ = {
			isa = PBXGroup;
			children = (
				02DE3C211D258C79002B58E2 /* FueledUtils.h */,
				02DE3C231D258C79002B58E2 /* Info.plist */,
				F40C574321F909A60006FB3F /* ActionProtocol.swift */,
				02DE3C4B1D259628002B58E2 /* ButtonWithTitleAdjustment.swift */,
				F464775C21FA3FA5005F8B7E /* CoalescingAction.swift */,
				F4A619541F47263100777BB2 /* CollectionExtensions.swift */,
				02DE3C561D25A24B002B58E2 /* DecoratingTextFieldDelegate.swift */,
				02DE3C541D259FA9002B58E2 /* DimmingButton.swift */,
				F40C574721F9182B0006FB3F /* TransferState.swift */,
				35996E0E1F55C3E1004D6AC0 /* FoundationExtensions.swift */,
				02DE3C451D25933E002B58E2 /* HairlineView.swift */,
				02DE3C431D25928F002B58E2 /* KeyboardInsetHelper.swift */,
				02DE3C4C1D259628002B58E2 /* LabelWithTitleAdjustment.swift */,
				02E626081D340F0C0041E512 /* LoadingState.swift */,
				02DE3C471D25952A002B58E2 /* NSDecimalNumberOperators.swift */,
				F40C574121F909290006FB3F /* ReactiveCocoaExtensions.swift */,
				02DF8ECA1E6464AB009AB29C /* ReactiveLifetimeProvider.swift */,
				02DE3C351D258FD1002B58E2 /* ReactiveSwiftExtensions.swift */,
				02DE3C481D25952A002B58E2 /* Regex.swift */,
				0238E9341E69B53200BF26D4 /* ScrollViewPage.swift */,
				02DE3C371D258FD1002B58E2 /* SequenceExtensions.swift */,
				02DE3C4F1D259966002B58E2 /* SetRootViewController.swift */,
				02DE3C381D258FD1002B58E2 /* SignalingAlert.swift */,
				02DE3C3B1D258FD1002B58E2 /* StringExtensions.swift */,
				F40C574521F90BD10006FB3F /* TypedSerialDisposable.swift */,
				02DE3C3A1D258FD1002B58E2 /* UIExtensions.swift */,
				DFA57F0521E7A64200467647 /* GradientView.swift */,
			);
			path = FueledUtils;
			sourceTree = "<group>";
		};
		F4CBDF162200A72400DF24DD /* FueledUtilsTests */ = {
			isa = PBXGroup;
			children = (
				F45268382355E83200DA9B9B /* CoalescingActionSpec.swift */,
				F4CBDF172200A72400DF24DD /* ReactiveSwiftExtensionsSpec.swift */,
				F4CBDF192200A72400DF24DD /* Info.plist */,
			);
			path = FueledUtilsTests;
			sourceTree = "<group>";
		};
/* End PBXGroup section */

/* Begin PBXHeadersBuildPhase section */
		02DE3C1B1D258C79002B58E2 /* Headers */ = {
			isa = PBXHeadersBuildPhase;
			buildActionMask = 2147483647;
			files = (
				02DE3C221D258C79002B58E2 /* FueledUtils.h in Headers */,
			);
			runOnlyForDeploymentPostprocessing = 0;
		};
		F463DF9A222D81D50031AAA5 /* Headers */ = {
			isa = PBXHeadersBuildPhase;
			buildActionMask = 2147483647;
			files = (
			);
			runOnlyForDeploymentPostprocessing = 0;
		};
		F463DFA7222D81E10031AAA5 /* Headers */ = {
			isa = PBXHeadersBuildPhase;
			buildActionMask = 2147483647;
			files = (
			);
			runOnlyForDeploymentPostprocessing = 0;
		};
		F463DFB4222D81F10031AAA5 /* Headers */ = {
			isa = PBXHeadersBuildPhase;
			buildActionMask = 2147483647;
			files = (
			);
			runOnlyForDeploymentPostprocessing = 0;
		};
/* End PBXHeadersBuildPhase section */

/* Begin PBXNativeTarget section */
		02DE3C1D1D258C79002B58E2 /* FueledUtils-iOS */ = {
			isa = PBXNativeTarget;
			buildConfigurationList = 02DE3C261D258C79002B58E2 /* Build configuration list for PBXNativeTarget "FueledUtils-iOS" */;
			buildPhases = (
				35A83B012267C86100306B26 /* swiftlint */,
				02DE3C191D258C79002B58E2 /* Sources */,
				02DE3C1A1D258C79002B58E2 /* Frameworks */,
				02DE3C1B1D258C79002B58E2 /* Headers */,
				02DE3C1C1D258C79002B58E2 /* Resources */,
			);
			buildRules = (
			);
			dependencies = (
			);
			name = "FueledUtils-iOS";
			productName = FueledUtils;
			productReference = 02DE3C1E1D258C79002B58E2 /* FueledUtils.framework */;
			productType = "com.apple.product-type.framework";
		};
		F463DF9E222D81D50031AAA5 /* FueledUtils-watchOS */ = {
			isa = PBXNativeTarget;
			buildConfigurationList = F463DFA4222D81D50031AAA5 /* Build configuration list for PBXNativeTarget "FueledUtils-watchOS" */;
			buildPhases = (
				35C495542267E3B000CFC908 /* swiftlint */,
				F463DF9A222D81D50031AAA5 /* Headers */,
				F463DF9B222D81D50031AAA5 /* Sources */,
				F463DF9C222D81D50031AAA5 /* Frameworks */,
				F463DF9D222D81D50031AAA5 /* Resources */,
			);
			buildRules = (
			);
			dependencies = (
			);
			name = "FueledUtils-watchOS";
			productName = "FueledUtils-watchOS";
			productReference = F463DF9F222D81D50031AAA5 /* FueledUtils.framework */;
			productType = "com.apple.product-type.framework";
		};
		F463DFAB222D81E10031AAA5 /* FueledUtils-tvOS */ = {
			isa = PBXNativeTarget;
			buildConfigurationList = F463DFB1222D81E10031AAA5 /* Build configuration list for PBXNativeTarget "FueledUtils-tvOS" */;
			buildPhases = (
				35C495532267E39500CFC908 /* swiftlint */,
				F463DFA7222D81E10031AAA5 /* Headers */,
				F463DFA8222D81E10031AAA5 /* Sources */,
				F463DFA9222D81E10031AAA5 /* Frameworks */,
				F463DFAA222D81E10031AAA5 /* Resources */,
			);
			buildRules = (
			);
			dependencies = (
			);
			name = "FueledUtils-tvOS";
			productName = "FueledUtils-tvOS";
			productReference = F463DFAC222D81E10031AAA5 /* FueledUtils.framework */;
			productType = "com.apple.product-type.framework";
		};
		F463DFB8222D81F10031AAA5 /* FueledUtils-macOS */ = {
			isa = PBXNativeTarget;
			buildConfigurationList = F463DFBE222D81F10031AAA5 /* Build configuration list for PBXNativeTarget "FueledUtils-macOS" */;
			buildPhases = (
				35C495522267E37800CFC908 /* swiftlint */,
				F463DFB4222D81F10031AAA5 /* Headers */,
				F463DFB5222D81F10031AAA5 /* Sources */,
				F463DFB6222D81F10031AAA5 /* Frameworks */,
				F463DFB7222D81F10031AAA5 /* Resources */,
			);
			buildRules = (
			);
			dependencies = (
			);
			name = "FueledUtils-macOS";
			productName = "FueledUtils-macOS";
			productReference = F463DFB9222D81F10031AAA5 /* FueledUtils.framework */;
			productType = "com.apple.product-type.framework";
		};
		F4CBDF142200A72400DF24DD /* FueledUtilsTests */ = {
			isa = PBXNativeTarget;
			buildConfigurationList = F4CBDF1C2200A72400DF24DD /* Build configuration list for PBXNativeTarget "FueledUtilsTests" */;
			buildPhases = (
				F4CBDF112200A72400DF24DD /* Sources */,
				F4CBDF122200A72400DF24DD /* Frameworks */,
				F4CBDF132200A72400DF24DD /* Resources */,
			);
			buildRules = (
			);
			dependencies = (
			);
			name = FueledUtilsTests;
			productName = FueledUtilsTest;
			productReference = F4CBDF152200A72400DF24DD /* FueledUtilsTests.xctest */;
			productType = "com.apple.product-type.bundle.ui-testing";
		};
/* End PBXNativeTarget section */

/* Begin PBXProject section */
		02DE3C151D258C79002B58E2 /* Project object */ = {
			isa = PBXProject;
			attributes = {
				LastSwiftUpdateCheck = 1010;
				LastUpgradeCheck = 1110;
				ORGANIZATIONNAME = Fueled;
				TargetAttributes = {
					02DE3C1D1D258C79002B58E2 = {
						CreatedOnToolsVersion = 7.3.1;
						LastSwiftMigration = 1020;
					};
					F463DF9E222D81D50031AAA5 = {
						CreatedOnToolsVersion = 10.1;
						ProvisioningStyle = Automatic;
					};
					F463DFAB222D81E10031AAA5 = {
						CreatedOnToolsVersion = 10.1;
						ProvisioningStyle = Automatic;
					};
					F463DFB8222D81F10031AAA5 = {
						CreatedOnToolsVersion = 10.1;
						ProvisioningStyle = Automatic;
					};
					F4CBDF142200A72400DF24DD = {
						CreatedOnToolsVersion = 10.1;
						ProvisioningStyle = Automatic;
					};
				};
			};
			buildConfigurationList = 02DE3C181D258C79002B58E2 /* Build configuration list for PBXProject "FueledUtils" */;
			compatibilityVersion = "Xcode 3.2";
			developmentRegion = en;
			hasScannedForEncodings = 0;
			knownRegions = (
				en,
				Base,
			);
			mainGroup = 02DE3C141D258C79002B58E2;
			productRefGroup = 02DE3C1F1D258C79002B58E2 /* Products */;
			projectDirPath = "";
			projectRoot = "";
			targets = (
				F463DFB8222D81F10031AAA5 /* FueledUtils-macOS */,
				02DE3C1D1D258C79002B58E2 /* FueledUtils-iOS */,
				F463DFAB222D81E10031AAA5 /* FueledUtils-tvOS */,
				F463DF9E222D81D50031AAA5 /* FueledUtils-watchOS */,
				F4CBDF142200A72400DF24DD /* FueledUtilsTests */,
			);
		};
/* End PBXProject section */

/* Begin PBXResourcesBuildPhase section */
		02DE3C1C1D258C79002B58E2 /* Resources */ = {
			isa = PBXResourcesBuildPhase;
			buildActionMask = 2147483647;
			files = (
			);
			runOnlyForDeploymentPostprocessing = 0;
		};
		F463DF9D222D81D50031AAA5 /* Resources */ = {
			isa = PBXResourcesBuildPhase;
			buildActionMask = 2147483647;
			files = (
			);
			runOnlyForDeploymentPostprocessing = 0;
		};
		F463DFAA222D81E10031AAA5 /* Resources */ = {
			isa = PBXResourcesBuildPhase;
			buildActionMask = 2147483647;
			files = (
			);
			runOnlyForDeploymentPostprocessing = 0;
		};
		F463DFB7222D81F10031AAA5 /* Resources */ = {
			isa = PBXResourcesBuildPhase;
			buildActionMask = 2147483647;
			files = (
			);
			runOnlyForDeploymentPostprocessing = 0;
		};
		F4CBDF132200A72400DF24DD /* Resources */ = {
			isa = PBXResourcesBuildPhase;
			buildActionMask = 2147483647;
			files = (
			);
			runOnlyForDeploymentPostprocessing = 0;
		};
/* End PBXResourcesBuildPhase section */

/* Begin PBXShellScriptBuildPhase section */
		35A83B012267C86100306B26 /* swiftlint */ = {
			isa = PBXShellScriptBuildPhase;
			buildActionMask = 2147483647;
			files = (
			);
			inputFileListPaths = (
			);
			inputPaths = (
			);
			name = swiftlint;
			outputFileListPaths = (
			);
			outputPaths = (
			);
			runOnlyForDeploymentPostprocessing = 0;
			shellPath = /bin/zsh;
			shellScript = "export SWIFTLINT_BIN=`whence swiftlint`\nif [[ -n $SWIFTLINT_BIN ]]\nthen\n    $SWIFTLINT_BIN\nfi\n";
			showEnvVarsInLog = 0;
		};
		35C495522267E37800CFC908 /* swiftlint */ = {
			isa = PBXShellScriptBuildPhase;
			buildActionMask = 2147483647;
			files = (
			);
			inputFileListPaths = (
			);
			inputPaths = (
			);
			name = swiftlint;
			outputFileListPaths = (
			);
			outputPaths = (
			);
			runOnlyForDeploymentPostprocessing = 0;
			shellPath = /bin/sh;
			shellScript = "export SWIFTLINT_BIN=`whence swiftlint`\nif [[ -n $SWIFTLINT_BIN ]]\nthen\n$SWIFTLINT_BIN\nfi\n";
			showEnvVarsInLog = 0;
		};
		35C495532267E39500CFC908 /* swiftlint */ = {
			isa = PBXShellScriptBuildPhase;
			buildActionMask = 2147483647;
			files = (
			);
			inputFileListPaths = (
			);
			inputPaths = (
			);
			name = swiftlint;
			outputFileListPaths = (
			);
			outputPaths = (
			);
			runOnlyForDeploymentPostprocessing = 0;
			shellPath = /bin/sh;
			shellScript = "export SWIFTLINT_BIN=`whence swiftlint`\nif [[ -n $SWIFTLINT_BIN ]]\nthen\n$SWIFTLINT_BIN\nfi\n";
			showEnvVarsInLog = 0;
		};
		35C495542267E3B000CFC908 /* swiftlint */ = {
			isa = PBXShellScriptBuildPhase;
			buildActionMask = 2147483647;
			files = (
			);
			inputFileListPaths = (
			);
			inputPaths = (
			);
			name = swiftlint;
			outputFileListPaths = (
			);
			outputPaths = (
			);
			runOnlyForDeploymentPostprocessing = 0;
			shellPath = /bin/sh;
			shellScript = "export SWIFTLINT_BIN=`whence swiftlint`\nif [[ -n $SWIFTLINT_BIN ]]\nthen\n$SWIFTLINT_BIN\nfi\n";
			showEnvVarsInLog = 0;
		};
/* End PBXShellScriptBuildPhase section */

/* Begin PBXSourcesBuildPhase section */
		02DE3C191D258C79002B58E2 /* Sources */ = {
			isa = PBXSourcesBuildPhase;
			buildActionMask = 2147483647;
			files = (
				02DE3C4A1D25952A002B58E2 /* Regex.swift in Sources */,
				02DE3C4D1D259628002B58E2 /* ButtonWithTitleAdjustment.swift in Sources */,
				DFA57F0621E7A64200467647 /* GradientView.swift in Sources */,
				02DE3C421D258FD1002B58E2 /* StringExtensions.swift in Sources */,
				02DE3C501D259966002B58E2 /* SetRootViewController.swift in Sources */,
				02DE3C441D25928F002B58E2 /* KeyboardInsetHelper.swift in Sources */,
				02DE3C3C1D258FD1002B58E2 /* ReactiveSwiftExtensions.swift in Sources */,
				02DF8ECB1E6464AB009AB29C /* ReactiveLifetimeProvider.swift in Sources */,
				F463E020222D83C40031AAA5 /* UIExtensions.swift in Sources */,
				0238E9351E69B53200BF26D4 /* ScrollViewPage.swift in Sources */,
				35996E0F1F55C3E1004D6AC0 /* FoundationExtensions.swift in Sources */,
				02DE3C4E1D259628002B58E2 /* LabelWithTitleAdjustment.swift in Sources */,
				02DE3C461D25933E002B58E2 /* HairlineView.swift in Sources */,
				02DE3C571D25A24B002B58E2 /* DecoratingTextFieldDelegate.swift in Sources */,
				F40C574221F9092A0006FB3F /* ReactiveCocoaExtensions.swift in Sources */,
				02DE3C491D25952A002B58E2 /* NSDecimalNumberOperators.swift in Sources */,
				F4A619551F47263100777BB2 /* CollectionExtensions.swift in Sources */,
				F40C574421F909A60006FB3F /* ActionProtocol.swift in Sources */,
				02E626091D340F0C0041E512 /* LoadingState.swift in Sources */,
				02DE3C3E1D258FD1002B58E2 /* SequenceExtensions.swift in Sources */,
				02DE3C3F1D258FD1002B58E2 /* SignalingAlert.swift in Sources */,
				F464775D21FA3FA5005F8B7E /* CoalescingAction.swift in Sources */,
				F40C574621F90BD10006FB3F /* TypedSerialDisposable.swift in Sources */,
				02DE3C551D259FA9002B58E2 /* DimmingButton.swift in Sources */,
				F40C574821F9182B0006FB3F /* TransferState.swift in Sources */,
			);
			runOnlyForDeploymentPostprocessing = 0;
		};
		F463DF9B222D81D50031AAA5 /* Sources */ = {
			isa = PBXSourcesBuildPhase;
			buildActionMask = 2147483647;
			files = (
				F463DFE5222D83060031AAA5 /* LoadingState.swift in Sources */,
				F463DFDA222D83060031AAA5 /* ActionProtocol.swift in Sources */,
				F463DFE0222D83060031AAA5 /* TransferState.swift in Sources */,
				F463DFDD222D83060031AAA5 /* CollectionExtensions.swift in Sources */,
				F463DFEF222D83060031AAA5 /* StringExtensions.swift in Sources */,
				F463DFDC222D83060031AAA5 /* CoalescingAction.swift in Sources */,
				F463DFEA222D83060031AAA5 /* Regex.swift in Sources */,
				F463DFE1222D83060031AAA5 /* FoundationExtensions.swift in Sources */,
				F463DFE9222D83060031AAA5 /* ReactiveSwiftExtensions.swift in Sources */,
				F463DFE8222D83060031AAA5 /* ReactiveLifetimeProvider.swift in Sources */,
				F463DFF0222D83060031AAA5 /* TypedSerialDisposable.swift in Sources */,
				F463DFE6222D83060031AAA5 /* NSDecimalNumberOperators.swift in Sources */,
				F463DFEC222D83060031AAA5 /* SequenceExtensions.swift in Sources */,
			);
			runOnlyForDeploymentPostprocessing = 0;
		};
		F463DFA8222D81E10031AAA5 /* Sources */ = {
			isa = PBXSourcesBuildPhase;
			buildActionMask = 2147483647;
			files = (
				F463DFCC222D83060031AAA5 /* LoadingState.swift in Sources */,
				F463DFC1222D83060031AAA5 /* ActionProtocol.swift in Sources */,
				F463DFC7222D83060031AAA5 /* TransferState.swift in Sources */,
				99126766225740DB00D39A08 /* UIExtensions.swift in Sources */,
				F463DFC4222D83060031AAA5 /* CollectionExtensions.swift in Sources */,
				F463DFCB222D83060031AAA5 /* LabelWithTitleAdjustment.swift in Sources */,
				F463DFD4222D83060031AAA5 /* SetRootViewController.swift in Sources */,
				F463DFD6222D83060031AAA5 /* StringExtensions.swift in Sources */,
				F463DFC3222D83060031AAA5 /* CoalescingAction.swift in Sources */,
				F463DFD1222D83060031AAA5 /* Regex.swift in Sources */,
				F463DFC8222D83060031AAA5 /* FoundationExtensions.swift in Sources */,
				F463DFC6222D83060031AAA5 /* DimmingButton.swift in Sources */,
				F463DFD0222D83060031AAA5 /* ReactiveSwiftExtensions.swift in Sources */,
				F463DFCF222D83060031AAA5 /* ReactiveLifetimeProvider.swift in Sources */,
				991267652257405F00D39A08 /* ReactiveCocoaExtensions.swift in Sources */,
				F463DFD7222D83060031AAA5 /* TypedSerialDisposable.swift in Sources */,
				F463DFC2222D83060031AAA5 /* ButtonWithTitleAdjustment.swift in Sources */,
				F463DFC5222D83060031AAA5 /* DecoratingTextFieldDelegate.swift in Sources */,
				F463DFCD222D83060031AAA5 /* NSDecimalNumberOperators.swift in Sources */,
				F463DFD3222D83060031AAA5 /* SequenceExtensions.swift in Sources */,
				F463DFD5222D83060031AAA5 /* SignalingAlert.swift in Sources */,
				F463DFD9222D83060031AAA5 /* GradientView.swift in Sources */,
				F463DFD2222D83060031AAA5 /* ScrollViewPage.swift in Sources */,
				F463DFC9222D83060031AAA5 /* HairlineView.swift in Sources */,
			);
			runOnlyForDeploymentPostprocessing = 0;
		};
		F463DFB5222D81F10031AAA5 /* Sources */ = {
			isa = PBXSourcesBuildPhase;
			buildActionMask = 2147483647;
			files = (
				F463DFFE222D83070031AAA5 /* LoadingState.swift in Sources */,
				F463DFF3222D83070031AAA5 /* ActionProtocol.swift in Sources */,
				F463DFF9222D83070031AAA5 /* TransferState.swift in Sources */,
				F463DFF6222D83070031AAA5 /* CollectionExtensions.swift in Sources */,
				F463E008222D83070031AAA5 /* StringExtensions.swift in Sources */,
				F463DFF5222D83070031AAA5 /* CoalescingAction.swift in Sources */,
				F463E003222D83070031AAA5 /* Regex.swift in Sources */,
				F463DFFA222D83070031AAA5 /* FoundationExtensions.swift in Sources */,
				F463E022222D84620031AAA5 /* ReactiveLifetimeProvider.swift in Sources */,
				F463E002222D83070031AAA5 /* ReactiveSwiftExtensions.swift in Sources */,
				F463E009222D83070031AAA5 /* TypedSerialDisposable.swift in Sources */,
				F463DFFF222D83070031AAA5 /* NSDecimalNumberOperators.swift in Sources */,
				F463E005222D83070031AAA5 /* SequenceExtensions.swift in Sources */,
			);
			runOnlyForDeploymentPostprocessing = 0;
		};
		F4CBDF112200A72400DF24DD /* Sources */ = {
			isa = PBXSourcesBuildPhase;
			buildActionMask = 2147483647;
			files = (
				F45268392355E83200DA9B9B /* CoalescingActionSpec.swift in Sources */,
				F4CBDF182200A72400DF24DD /* ReactiveSwiftExtensionsSpec.swift in Sources */,
			);
			runOnlyForDeploymentPostprocessing = 0;
		};
/* End PBXSourcesBuildPhase section */

/* Begin XCBuildConfiguration section */
		02DE3C241D258C79002B58E2 /* Debug */ = {
			isa = XCBuildConfiguration;
			buildSettings = {
				ALWAYS_SEARCH_USER_PATHS = NO;
				CLANG_ANALYZER_LOCALIZABILITY_NONLOCALIZED = YES;
				CLANG_ANALYZER_NONNULL = YES;
				CLANG_CXX_LANGUAGE_STANDARD = "gnu++0x";
				CLANG_CXX_LIBRARY = "libc++";
				CLANG_ENABLE_MODULES = YES;
				CLANG_ENABLE_OBJC_ARC = YES;
				CLANG_WARN_BLOCK_CAPTURE_AUTORELEASING = YES;
				CLANG_WARN_BOOL_CONVERSION = YES;
				CLANG_WARN_COMMA = YES;
				CLANG_WARN_CONSTANT_CONVERSION = YES;
				CLANG_WARN_DEPRECATED_OBJC_IMPLEMENTATIONS = YES;
				CLANG_WARN_DIRECT_OBJC_ISA_USAGE = YES_ERROR;
				CLANG_WARN_EMPTY_BODY = YES;
				CLANG_WARN_ENUM_CONVERSION = YES;
				CLANG_WARN_INFINITE_RECURSION = YES;
				CLANG_WARN_INT_CONVERSION = YES;
				CLANG_WARN_NON_LITERAL_NULL_CONVERSION = YES;
				CLANG_WARN_OBJC_IMPLICIT_RETAIN_SELF = YES;
				CLANG_WARN_OBJC_LITERAL_CONVERSION = YES;
				CLANG_WARN_OBJC_ROOT_CLASS = YES_ERROR;
				CLANG_WARN_RANGE_LOOP_ANALYSIS = YES;
				CLANG_WARN_STRICT_PROTOTYPES = YES;
				CLANG_WARN_SUSPICIOUS_MOVE = YES;
				CLANG_WARN_UNREACHABLE_CODE = YES;
				CLANG_WARN__DUPLICATE_METHOD_MATCH = YES;
				COPY_PHASE_STRIP = NO;
				CURRENT_PROJECT_VERSION = 1;
				DEBUG_INFORMATION_FORMAT = dwarf;
				ENABLE_STRICT_OBJC_MSGSEND = YES;
				ENABLE_TESTABILITY = YES;
				GCC_C_LANGUAGE_STANDARD = gnu99;
				GCC_DYNAMIC_NO_PIC = NO;
				GCC_NO_COMMON_BLOCKS = YES;
				GCC_OPTIMIZATION_LEVEL = 0;
				GCC_PREPROCESSOR_DEFINITIONS = (
					"DEBUG=1",
					"$(inherited)",
				);
				GCC_WARN_64_TO_32_BIT_CONVERSION = YES;
				GCC_WARN_ABOUT_RETURN_TYPE = YES_ERROR;
				GCC_WARN_UNDECLARED_SELECTOR = YES;
				GCC_WARN_UNINITIALIZED_AUTOS = YES_AGGRESSIVE;
				GCC_WARN_UNUSED_FUNCTION = YES;
				GCC_WARN_UNUSED_VARIABLE = YES;
				IPHONEOS_DEPLOYMENT_TARGET = 11.0;
				MACOSX_DEPLOYMENT_TARGET = 10.13;
				MTL_ENABLE_DEBUG_INFO = YES;
				ONLY_ACTIVE_ARCH = YES;
				SDKROOT = iphoneos;
				SWIFT_OPTIMIZATION_LEVEL = "-Onone";
				SWIFT_VERSION = 5.0;
				TARGETED_DEVICE_FAMILY = "1,2";
				TVOS_DEPLOYMENT_TARGET = 11.0;
				VERSIONING_SYSTEM = "apple-generic";
				VERSION_INFO_PREFIX = "";
				WATCHOS_DEPLOYMENT_TARGET = 4.0;
			};
			name = Debug;
		};
		02DE3C251D258C79002B58E2 /* Release */ = {
			isa = XCBuildConfiguration;
			buildSettings = {
				ALWAYS_SEARCH_USER_PATHS = NO;
				CLANG_ANALYZER_LOCALIZABILITY_NONLOCALIZED = YES;
				CLANG_ANALYZER_NONNULL = YES;
				CLANG_CXX_LANGUAGE_STANDARD = "gnu++0x";
				CLANG_CXX_LIBRARY = "libc++";
				CLANG_ENABLE_MODULES = YES;
				CLANG_ENABLE_OBJC_ARC = YES;
				CLANG_WARN_BLOCK_CAPTURE_AUTORELEASING = YES;
				CLANG_WARN_BOOL_CONVERSION = YES;
				CLANG_WARN_COMMA = YES;
				CLANG_WARN_CONSTANT_CONVERSION = YES;
				CLANG_WARN_DEPRECATED_OBJC_IMPLEMENTATIONS = YES;
				CLANG_WARN_DIRECT_OBJC_ISA_USAGE = YES_ERROR;
				CLANG_WARN_EMPTY_BODY = YES;
				CLANG_WARN_ENUM_CONVERSION = YES;
				CLANG_WARN_INFINITE_RECURSION = YES;
				CLANG_WARN_INT_CONVERSION = YES;
				CLANG_WARN_NON_LITERAL_NULL_CONVERSION = YES;
				CLANG_WARN_OBJC_IMPLICIT_RETAIN_SELF = YES;
				CLANG_WARN_OBJC_LITERAL_CONVERSION = YES;
				CLANG_WARN_OBJC_ROOT_CLASS = YES_ERROR;
				CLANG_WARN_RANGE_LOOP_ANALYSIS = YES;
				CLANG_WARN_STRICT_PROTOTYPES = YES;
				CLANG_WARN_SUSPICIOUS_MOVE = YES;
				CLANG_WARN_UNREACHABLE_CODE = YES;
				CLANG_WARN__DUPLICATE_METHOD_MATCH = YES;
				COPY_PHASE_STRIP = NO;
				CURRENT_PROJECT_VERSION = 1;
				DEBUG_INFORMATION_FORMAT = "dwarf-with-dsym";
				ENABLE_NS_ASSERTIONS = NO;
				ENABLE_STRICT_OBJC_MSGSEND = YES;
				GCC_C_LANGUAGE_STANDARD = gnu99;
				GCC_NO_COMMON_BLOCKS = YES;
				GCC_WARN_64_TO_32_BIT_CONVERSION = YES;
				GCC_WARN_ABOUT_RETURN_TYPE = YES_ERROR;
				GCC_WARN_UNDECLARED_SELECTOR = YES;
				GCC_WARN_UNINITIALIZED_AUTOS = YES_AGGRESSIVE;
				GCC_WARN_UNUSED_FUNCTION = YES;
				GCC_WARN_UNUSED_VARIABLE = YES;
				IPHONEOS_DEPLOYMENT_TARGET = 11.0;
				MACOSX_DEPLOYMENT_TARGET = 10.13;
				MTL_ENABLE_DEBUG_INFO = NO;
				SDKROOT = iphoneos;
				SWIFT_OPTIMIZATION_LEVEL = "-Owholemodule";
				SWIFT_VERSION = 5.0;
				TARGETED_DEVICE_FAMILY = "1,2";
				TVOS_DEPLOYMENT_TARGET = 11.0;
				VALIDATE_PRODUCT = YES;
				VERSIONING_SYSTEM = "apple-generic";
				VERSION_INFO_PREFIX = "";
				WATCHOS_DEPLOYMENT_TARGET = 4.0;
			};
			name = Release;
		};
		02DE3C271D258C79002B58E2 /* Debug */ = {
			isa = XCBuildConfiguration;
			buildSettings = {
				APPLICATION_EXTENSION_API_ONLY = YES;
				CLANG_ENABLE_MODULES = YES;
				CODE_SIGN_IDENTITY = "";
				"CODE_SIGN_IDENTITY[sdk=iphoneos*]" = "";
				DEFINES_MODULE = YES;
				DYLIB_COMPATIBILITY_VERSION = 1;
				DYLIB_CURRENT_VERSION = 1;
				DYLIB_INSTALL_NAME_BASE = "@rpath";
				FRAMEWORK_SEARCH_PATHS = (
					"$(DEVELOPER_FRAMEWORKS_DIR)",
					"$(inherited)",
				);
				INFOPLIST_FILE = FueledUtils/Info.plist;
				INSTALL_PATH = "$(LOCAL_LIBRARY_DIR)/Frameworks";
				LD_RUNPATH_SEARCH_PATHS = "$(inherited) @executable_path/Frameworks @loader_path/Frameworks";
				MARKETING_VERSION = 2.0.2;
				PRODUCT_BUNDLE_IDENTIFIER = com.fueled.FueledUtils;
				PRODUCT_NAME = FueledUtils;
				SKIP_INSTALL = YES;
				SWIFT_OPTIMIZATION_LEVEL = "-Onone";
			};
			name = Debug;
		};
		02DE3C281D258C79002B58E2 /* Release */ = {
			isa = XCBuildConfiguration;
			buildSettings = {
				APPLICATION_EXTENSION_API_ONLY = YES;
				CLANG_ENABLE_MODULES = YES;
				CODE_SIGN_IDENTITY = "";
				"CODE_SIGN_IDENTITY[sdk=iphoneos*]" = "";
				DEFINES_MODULE = YES;
				DYLIB_COMPATIBILITY_VERSION = 1;
				DYLIB_CURRENT_VERSION = 1;
				DYLIB_INSTALL_NAME_BASE = "@rpath";
				FRAMEWORK_SEARCH_PATHS = (
					"$(DEVELOPER_FRAMEWORKS_DIR)",
					"$(inherited)",
				);
				INFOPLIST_FILE = FueledUtils/Info.plist;
				INSTALL_PATH = "$(LOCAL_LIBRARY_DIR)/Frameworks";
				LD_RUNPATH_SEARCH_PATHS = "$(inherited) @executable_path/Frameworks @loader_path/Frameworks";
				MARKETING_VERSION = 2.0.2;
				PRODUCT_BUNDLE_IDENTIFIER = com.fueled.FueledUtils;
				PRODUCT_NAME = FueledUtils;
				SKIP_INSTALL = YES;
			};
			name = Release;
		};
		F463DFA5222D81D50031AAA5 /* Debug */ = {
			isa = XCBuildConfiguration;
			buildSettings = {
				APPLICATION_EXTENSION_API_ONLY = YES;
				CLANG_ANALYZER_NUMBER_OBJECT_CONVERSION = YES_AGGRESSIVE;
				CLANG_CXX_LANGUAGE_STANDARD = "gnu++14";
				CLANG_ENABLE_OBJC_WEAK = YES;
				CLANG_WARN_DOCUMENTATION_COMMENTS = YES;
				CLANG_WARN_UNGUARDED_AVAILABILITY = YES_AGGRESSIVE;
				CODE_SIGN_IDENTITY = "";
				CODE_SIGN_STYLE = Automatic;
				DEFINES_MODULE = YES;
				DYLIB_COMPATIBILITY_VERSION = 1;
				DYLIB_CURRENT_VERSION = 1;
				DYLIB_INSTALL_NAME_BASE = "@rpath";
				GCC_C_LANGUAGE_STANDARD = gnu11;
				INFOPLIST_FILE = FueledUtils/Info.plist;
				INSTALL_PATH = "$(LOCAL_LIBRARY_DIR)/Frameworks";
				LD_RUNPATH_SEARCH_PATHS = "$(inherited) @executable_path/Frameworks @loader_path/Frameworks";
				MARKETING_VERSION = 2.0.2;
				MTL_ENABLE_DEBUG_INFO = INCLUDE_SOURCE;
				MTL_FAST_MATH = YES;
				PRODUCT_BUNDLE_IDENTIFIER = "com.fueled.FueledUtils-watchOS";
				PRODUCT_NAME = FueledUtils;
				SDKROOT = watchos;
				SKIP_INSTALL = YES;
				SWIFT_ACTIVE_COMPILATION_CONDITIONS = DEBUG;
				TARGETED_DEVICE_FAMILY = 4;
			};
			name = Debug;
		};
		F463DFA6222D81D50031AAA5 /* Release */ = {
			isa = XCBuildConfiguration;
			buildSettings = {
				APPLICATION_EXTENSION_API_ONLY = YES;
				CLANG_ANALYZER_NUMBER_OBJECT_CONVERSION = YES_AGGRESSIVE;
				CLANG_CXX_LANGUAGE_STANDARD = "gnu++14";
				CLANG_ENABLE_OBJC_WEAK = YES;
				CLANG_WARN_DOCUMENTATION_COMMENTS = YES;
				CLANG_WARN_UNGUARDED_AVAILABILITY = YES_AGGRESSIVE;
				CODE_SIGN_IDENTITY = "";
				CODE_SIGN_STYLE = Automatic;
				DEFINES_MODULE = YES;
				DYLIB_COMPATIBILITY_VERSION = 1;
				DYLIB_CURRENT_VERSION = 1;
				DYLIB_INSTALL_NAME_BASE = "@rpath";
				GCC_C_LANGUAGE_STANDARD = gnu11;
				INFOPLIST_FILE = FueledUtils/Info.plist;
				INSTALL_PATH = "$(LOCAL_LIBRARY_DIR)/Frameworks";
				LD_RUNPATH_SEARCH_PATHS = "$(inherited) @executable_path/Frameworks @loader_path/Frameworks";
				MARKETING_VERSION = 2.0.2;
				MTL_FAST_MATH = YES;
				PRODUCT_BUNDLE_IDENTIFIER = "com.fueled.FueledUtils-watchOS";
				PRODUCT_NAME = FueledUtils;
				SDKROOT = watchos;
				SKIP_INSTALL = YES;
				TARGETED_DEVICE_FAMILY = 4;
			};
			name = Release;
		};
		F463DFB2222D81E10031AAA5 /* Debug */ = {
			isa = XCBuildConfiguration;
			buildSettings = {
				APPLICATION_EXTENSION_API_ONLY = YES;
				CLANG_ANALYZER_NUMBER_OBJECT_CONVERSION = YES_AGGRESSIVE;
				CLANG_CXX_LANGUAGE_STANDARD = "gnu++14";
				CLANG_ENABLE_OBJC_WEAK = YES;
				CLANG_WARN_DOCUMENTATION_COMMENTS = YES;
				CLANG_WARN_UNGUARDED_AVAILABILITY = YES_AGGRESSIVE;
				CODE_SIGN_IDENTITY = "";
				CODE_SIGN_STYLE = Automatic;
				DEFINES_MODULE = YES;
				DYLIB_COMPATIBILITY_VERSION = 1;
				DYLIB_CURRENT_VERSION = 1;
				DYLIB_INSTALL_NAME_BASE = "@rpath";
				GCC_C_LANGUAGE_STANDARD = gnu11;
				INFOPLIST_FILE = FueledUtils/Info.plist;
				INSTALL_PATH = "$(LOCAL_LIBRARY_DIR)/Frameworks";
				LD_RUNPATH_SEARCH_PATHS = "$(inherited) @executable_path/Frameworks @loader_path/Frameworks";
				MARKETING_VERSION = 2.0.2;
				MTL_ENABLE_DEBUG_INFO = INCLUDE_SOURCE;
				MTL_FAST_MATH = YES;
				PRODUCT_BUNDLE_IDENTIFIER = "com.fueled.FueledUtils-tvOS";
				PRODUCT_NAME = FueledUtils;
				SDKROOT = appletvos;
				SKIP_INSTALL = YES;
				SWIFT_ACTIVE_COMPILATION_CONDITIONS = DEBUG;
				TARGETED_DEVICE_FAMILY = 3;
			};
			name = Debug;
		};
		F463DFB3222D81E10031AAA5 /* Release */ = {
			isa = XCBuildConfiguration;
			buildSettings = {
				APPLICATION_EXTENSION_API_ONLY = YES;
				CLANG_ANALYZER_NUMBER_OBJECT_CONVERSION = YES_AGGRESSIVE;
				CLANG_CXX_LANGUAGE_STANDARD = "gnu++14";
				CLANG_ENABLE_OBJC_WEAK = YES;
				CLANG_WARN_DOCUMENTATION_COMMENTS = YES;
				CLANG_WARN_UNGUARDED_AVAILABILITY = YES_AGGRESSIVE;
				CODE_SIGN_IDENTITY = "";
				CODE_SIGN_STYLE = Automatic;
				DEFINES_MODULE = YES;
				DYLIB_COMPATIBILITY_VERSION = 1;
				DYLIB_CURRENT_VERSION = 1;
				DYLIB_INSTALL_NAME_BASE = "@rpath";
				GCC_C_LANGUAGE_STANDARD = gnu11;
				INFOPLIST_FILE = FueledUtils/Info.plist;
				INSTALL_PATH = "$(LOCAL_LIBRARY_DIR)/Frameworks";
				LD_RUNPATH_SEARCH_PATHS = "$(inherited) @executable_path/Frameworks @loader_path/Frameworks";
				MARKETING_VERSION = 2.0.2;
				MTL_FAST_MATH = YES;
				PRODUCT_BUNDLE_IDENTIFIER = "com.fueled.FueledUtils-tvOS";
				PRODUCT_NAME = FueledUtils;
				SDKROOT = appletvos;
				SKIP_INSTALL = YES;
				TARGETED_DEVICE_FAMILY = 3;
			};
			name = Release;
		};
		F463DFBF222D81F10031AAA5 /* Debug */ = {
			isa = XCBuildConfiguration;
			buildSettings = {
				APPLICATION_EXTENSION_API_ONLY = YES;
				CLANG_ANALYZER_NUMBER_OBJECT_CONVERSION = YES_AGGRESSIVE;
				CLANG_CXX_LANGUAGE_STANDARD = "gnu++14";
				CLANG_ENABLE_OBJC_WEAK = YES;
				CLANG_WARN_DOCUMENTATION_COMMENTS = YES;
				CLANG_WARN_UNGUARDED_AVAILABILITY = YES_AGGRESSIVE;
				CODE_SIGN_IDENTITY = "-";
				CODE_SIGN_STYLE = Automatic;
				COMBINE_HIDPI_IMAGES = YES;
				DEFINES_MODULE = YES;
				DYLIB_COMPATIBILITY_VERSION = 1;
				DYLIB_CURRENT_VERSION = 1;
				DYLIB_INSTALL_NAME_BASE = "@rpath";
				FRAMEWORK_VERSION = A;
				GCC_C_LANGUAGE_STANDARD = gnu11;
				INFOPLIST_FILE = FueledUtils/Info.plist;
				INSTALL_PATH = "$(LOCAL_LIBRARY_DIR)/Frameworks";
				LD_RUNPATH_SEARCH_PATHS = "$(inherited) @executable_path/../Frameworks @loader_path/Frameworks";
				MARKETING_VERSION = 2.0.2;
				MTL_ENABLE_DEBUG_INFO = INCLUDE_SOURCE;
				MTL_FAST_MATH = YES;
				PRODUCT_BUNDLE_IDENTIFIER = "com.fueled.FueledUtils-macOS";
				PRODUCT_NAME = FueledUtils;
				SDKROOT = macosx;
				SKIP_INSTALL = YES;
				SWIFT_ACTIVE_COMPILATION_CONDITIONS = DEBUG;
			};
			name = Debug;
		};
		F463DFC0222D81F10031AAA5 /* Release */ = {
			isa = XCBuildConfiguration;
			buildSettings = {
				APPLICATION_EXTENSION_API_ONLY = YES;
				CLANG_ANALYZER_NUMBER_OBJECT_CONVERSION = YES_AGGRESSIVE;
				CLANG_CXX_LANGUAGE_STANDARD = "gnu++14";
				CLANG_ENABLE_OBJC_WEAK = YES;
				CLANG_WARN_DOCUMENTATION_COMMENTS = YES;
				CLANG_WARN_UNGUARDED_AVAILABILITY = YES_AGGRESSIVE;
				CODE_SIGN_IDENTITY = "-";
				CODE_SIGN_STYLE = Automatic;
				COMBINE_HIDPI_IMAGES = YES;
				DEFINES_MODULE = YES;
				DYLIB_COMPATIBILITY_VERSION = 1;
				DYLIB_CURRENT_VERSION = 1;
				DYLIB_INSTALL_NAME_BASE = "@rpath";
				FRAMEWORK_VERSION = A;
				GCC_C_LANGUAGE_STANDARD = gnu11;
				INFOPLIST_FILE = FueledUtils/Info.plist;
				INSTALL_PATH = "$(LOCAL_LIBRARY_DIR)/Frameworks";
				LD_RUNPATH_SEARCH_PATHS = "$(inherited) @executable_path/../Frameworks @loader_path/Frameworks";
				MARKETING_VERSION = 2.0.2;
				MTL_FAST_MATH = YES;
				PRODUCT_BUNDLE_IDENTIFIER = "com.fueled.FueledUtils-macOS";
				PRODUCT_NAME = FueledUtils;
				SDKROOT = macosx;
				SKIP_INSTALL = YES;
			};
			name = Release;
		};
		F4CBDF1A2200A72400DF24DD /* Debug */ = {
			isa = XCBuildConfiguration;
			buildSettings = {
				CLANG_ANALYZER_NUMBER_OBJECT_CONVERSION = YES_AGGRESSIVE;
				CLANG_CXX_LANGUAGE_STANDARD = "gnu++14";
				CLANG_ENABLE_OBJC_WEAK = YES;
				CLANG_WARN_DOCUMENTATION_COMMENTS = YES;
				CLANG_WARN_UNGUARDED_AVAILABILITY = YES_AGGRESSIVE;
				CODE_SIGN_IDENTITY = "iPhone Developer";
				CODE_SIGN_STYLE = Automatic;
				GCC_C_LANGUAGE_STANDARD = gnu11;
				INFOPLIST_FILE = FueledUtilsTests/Info.plist;
				IPHONEOS_DEPLOYMENT_TARGET = 12.1;
				LD_RUNPATH_SEARCH_PATHS = "$(inherited) @executable_path/Frameworks @loader_path/Frameworks";
				MTL_ENABLE_DEBUG_INFO = INCLUDE_SOURCE;
				MTL_FAST_MATH = YES;
				PRODUCT_BUNDLE_IDENTIFIER = com.fueled.FueledUtilsTests;
				PRODUCT_NAME = "$(TARGET_NAME)";
				SWIFT_ACTIVE_COMPILATION_CONDITIONS = DEBUG;
				SWIFT_VERSION = 4.2;
				TARGETED_DEVICE_FAMILY = "1,2";
			};
			name = Debug;
		};
		F4CBDF1B2200A72400DF24DD /* Release */ = {
			isa = XCBuildConfiguration;
			buildSettings = {
				CLANG_ANALYZER_NUMBER_OBJECT_CONVERSION = YES_AGGRESSIVE;
				CLANG_CXX_LANGUAGE_STANDARD = "gnu++14";
				CLANG_ENABLE_OBJC_WEAK = YES;
				CLANG_WARN_DOCUMENTATION_COMMENTS = YES;
				CLANG_WARN_UNGUARDED_AVAILABILITY = YES_AGGRESSIVE;
				CODE_SIGN_IDENTITY = "iPhone Developer";
				CODE_SIGN_STYLE = Automatic;
				GCC_C_LANGUAGE_STANDARD = gnu11;
				INFOPLIST_FILE = FueledUtilsTests/Info.plist;
				IPHONEOS_DEPLOYMENT_TARGET = 12.1;
				LD_RUNPATH_SEARCH_PATHS = "$(inherited) @executable_path/Frameworks @loader_path/Frameworks";
				MTL_FAST_MATH = YES;
				PRODUCT_BUNDLE_IDENTIFIER = com.fueled.FueledUtilsTests;
				PRODUCT_NAME = "$(TARGET_NAME)";
				SWIFT_VERSION = 4.2;
				TARGETED_DEVICE_FAMILY = "1,2";
			};
			name = Release;
		};
/* End XCBuildConfiguration section */

/* Begin XCConfigurationList section */
		02DE3C181D258C79002B58E2 /* Build configuration list for PBXProject "FueledUtils" */ = {
			isa = XCConfigurationList;
			buildConfigurations = (
				02DE3C241D258C79002B58E2 /* Debug */,
				02DE3C251D258C79002B58E2 /* Release */,
			);
			defaultConfigurationIsVisible = 0;
			defaultConfigurationName = Release;
		};
		02DE3C261D258C79002B58E2 /* Build configuration list for PBXNativeTarget "FueledUtils-iOS" */ = {
			isa = XCConfigurationList;
			buildConfigurations = (
				02DE3C271D258C79002B58E2 /* Debug */,
				02DE3C281D258C79002B58E2 /* Release */,
			);
			defaultConfigurationIsVisible = 0;
			defaultConfigurationName = Release;
		};
		F463DFA4222D81D50031AAA5 /* Build configuration list for PBXNativeTarget "FueledUtils-watchOS" */ = {
			isa = XCConfigurationList;
			buildConfigurations = (
				F463DFA5222D81D50031AAA5 /* Debug */,
				F463DFA6222D81D50031AAA5 /* Release */,
			);
			defaultConfigurationIsVisible = 0;
			defaultConfigurationName = Release;
		};
		F463DFB1222D81E10031AAA5 /* Build configuration list for PBXNativeTarget "FueledUtils-tvOS" */ = {
			isa = XCConfigurationList;
			buildConfigurations = (
				F463DFB2222D81E10031AAA5 /* Debug */,
				F463DFB3222D81E10031AAA5 /* Release */,
			);
			defaultConfigurationIsVisible = 0;
			defaultConfigurationName = Release;
		};
		F463DFBE222D81F10031AAA5 /* Build configuration list for PBXNativeTarget "FueledUtils-macOS" */ = {
			isa = XCConfigurationList;
			buildConfigurations = (
				F463DFBF222D81F10031AAA5 /* Debug */,
				F463DFC0222D81F10031AAA5 /* Release */,
			);
			defaultConfigurationIsVisible = 0;
			defaultConfigurationName = Release;
		};
		F4CBDF1C2200A72400DF24DD /* Build configuration list for PBXNativeTarget "FueledUtilsTests" */ = {
			isa = XCConfigurationList;
			buildConfigurations = (
				F4CBDF1A2200A72400DF24DD /* Debug */,
				F4CBDF1B2200A72400DF24DD /* Release */,
			);
			defaultConfigurationIsVisible = 0;
			defaultConfigurationName = Release;
		};
/* End XCConfigurationList section */
	};
	rootObject = 02DE3C151D258C79002B58E2 /* Project object */;
}
