PODS:
  - FueledUtils/Combine (3.0-alpha1):
    - FueledUtils/ReactiveCommon
  - FueledUtils/CombineOperators (3.0-alpha1):
    - FueledUtils/Combine
  - FueledUtils/Core (3.0-alpha1)
  - FueledUtils/ReactiveCombineBridge (3.0-alpha1):
    - FueledUtils/Combine
    - FueledUtils/ReactiveSwift
  - FueledUtils/ReactiveCommon (3.0-alpha1):
    - FueledUtils/Core
  - FueledUtils/ReactiveSwift (3.0-alpha1):
    - FueledUtils/ReactiveCommon
    - ReactiveCocoa (~> 10.0)
    - ReactiveSwift (~> 6.0)
  - FueledUtils/ReactiveSwiftUIKit (3.0-alpha1):
    - FueledUtils/ReactiveSwift
    - FueledUtils/UIKit
  - FueledUtils/SwiftUI (3.0-alpha1):
    - FueledUtils/Combine
    - FueledUtils/Core
  - FueledUtils/UIKit (3.0-alpha1):
    - FueledUtils/Core
  - Nimble (8.0.5)
  - Quick (2.2.0)
  - ReactiveCocoa (10.2.0):
    - ReactiveSwift (~> 6.2)
  - ReactiveSwift (6.2.1)

DEPENDENCIES:
  - FueledUtils/CombineOperators (from `../`)
  - FueledUtils/ReactiveCombineBridge (from `../`)
  - FueledUtils/ReactiveSwift (from `../`)
  - FueledUtils/ReactiveSwiftUIKit (from `../`)
  - FueledUtils/SwiftUI (from `../`)
  - Nimble (~> 8.0)
  - Quick (~> 2.0)

SPEC REPOS:
  trunk:
    - Nimble
    - Quick
    - ReactiveCocoa
    - ReactiveSwift

EXTERNAL SOURCES:
  FueledUtils:
    :path: "../"

SPEC CHECKSUMS:
  FueledUtils: ac740e5dae55bc10029aa3cbcd8b533298622d7a
  Nimble: 4ab1aeb9b45553c75b9687196b0fa0713170a332
  Quick: 7fb19e13be07b5dfb3b90d4f9824c855a11af40e
  ReactiveCocoa: a123c42f449c552460a4ee217dd49c76a17c8204
  ReactiveSwift: 07ddf579f4eb3ee3bd656214f0461aaf2c0fd639

PODFILE CHECKSUM: aeaba40223e95702eeaff4c66b27d8c72fcee5f5

COCOAPODS: 1.9.3
