PODS:
  - FueledUtils/Combine (3.0-alpha1):
    - FueledUtils/ReactiveCommon
  - FueledUtils/CombineOperators (3.0-alpha1):
    - FueledUtils/Combine
  - FueledUtils/Core (3.0-alpha1)
  - FueledUtils/ReactiveCombineBridge (3.0-alpha1):
    - FueledUtils/CombineOperators
    - FueledUtils/ReactiveSwift
  - FueledUtils/ReactiveCommon (3.0-alpha1):
    - FueledUtils/Core
  - FueledUtils/ReactiveSwift (3.0-alpha1):
    - FueledUtils/ReactiveCommon
    - ReactiveCocoa (~> 10.0)
    - ReactiveSwift (~> 6.0)
  - Nimble (8.0.5)
  - Quick (2.2.0)
  - ReactiveCocoa (10.2.0):
    - ReactiveSwift (~> 6.2)
  - ReactiveSwift (6.2.1)

DEPENDENCIES:
  - FueledUtils/CombineOperators (from `../`)
  - FueledUtils/ReactiveCombineBridge (from `../`)
  - Nimble (~> 8.0)
  - Quick (~> 2.0)

SPEC REPOS:
  trunk:
    - Nimble
    - Quick
    - ReactiveCocoa
    - ReactiveSwift

EXTERNAL SOURCES:
  FueledUtils:
    :path: "../"

SPEC CHECKSUMS:
  FueledUtils: 440829476734457153856d2e60eb100fff7c001b
  Nimble: 4ab1aeb9b45553c75b9687196b0fa0713170a332
  Quick: 7fb19e13be07b5dfb3b90d4f9824c855a11af40e
  ReactiveCocoa: a123c42f449c552460a4ee217dd49c76a17c8204
  ReactiveSwift: 07ddf579f4eb3ee3bd656214f0461aaf2c0fd639

PODFILE CHECKSUM: d628ef51c9ea3b161c7d0f9f054d9bf7fa706a8b

COCOAPODS: 1.9.1
