// !$*UTF8*$!
{
	archiveVersion = 1;
	classes = {
	};
	objectVersion = 46;
	objects = {

/* Begin PBXBuildFile section */
		EE9B3A498587AC2D3461D310 /* Pods_Common_FueledUtilsTests.framework in Frameworks */ = {isa = PBXBuildFile; fileRef = F46CDEA885028D8DB189B3CB /* Pods_Common_FueledUtilsTests.framework */; };
		F453AA7B2538DE55008F045B /* CombineLatestManySpec.swift in Sources */ = {isa = PBXBuildFile; fileRef = F453AA7A2538DE55008F045B /* CombineLatestManySpec.swift */; };
		F453AA7F2538E05E008F045B /* ReactiveSwiftExtensionsSpec.swift in Sources */ = {isa = PBXBuildFile; fileRef = F463C73B241835DD000A0B29 /* ReactiveSwiftExtensionsSpec.swift */; };
		F453AA802538E05E008F045B /* OrderedSetSpec.swift in Sources */ = {isa = PBXBuildFile; fileRef = F46D2DA5252E4E4A00B6987A /* OrderedSetSpec.swift */; };
		F453AA812538E05E008F045B /* CoalescingActionSpec.swift in Sources */ = {isa = PBXBuildFile; fileRef = F499631F2537459200E2D4B5 /* CoalescingActionSpec.swift */; };
		F453AA822538E05E008F045B /* OverridingActionSpec.swift in Sources */ = {isa = PBXBuildFile; fileRef = F429742D25378425004BFA85 /* OverridingActionSpec.swift */; };
		F453AA832538E05E008F045B /* ReactiveCoalescingActionSpec.swift in Sources */ = {isa = PBXBuildFile; fileRef = F463C73A241835DD000A0B29 /* ReactiveCoalescingActionSpec.swift */; };
		F453AA842538E05E008F045B /* ReactiveOverridingActionSpec.swift in Sources */ = {isa = PBXBuildFile; fileRef = F429742925378348004BFA85 /* ReactiveOverridingActionSpec.swift */; };
/* End PBXBuildFile section */

/* Begin PBXFileReference section */
		00B6C3B54CADD6729AF81F36 /* Pods-Common-FueledUtilsTests.release.xcconfig */ = {isa = PBXFileReference; includeInIndex = 1; lastKnownFileType = text.xcconfig; name = "Pods-Common-FueledUtilsTests.release.xcconfig"; path = "Target Support Files/Pods-Common-FueledUtilsTests/Pods-Common-FueledUtilsTests.release.xcconfig"; sourceTree = "<group>"; };
		3297A6B2D4B923F8F27CD6A5 /* Pods-Common-FueledUtilsTests-SwiftUI.release.xcconfig */ = {isa = PBXFileReference; includeInIndex = 1; lastKnownFileType = text.xcconfig; name = "Pods-Common-FueledUtilsTests-SwiftUI.release.xcconfig"; path = "Target Support Files/Pods-Common-FueledUtilsTests-SwiftUI/Pods-Common-FueledUtilsTests-SwiftUI.release.xcconfig"; sourceTree = "<group>"; };
		39EF9AE56A510B26CCC488B7 /* Pods_Common_FueledUtilsTests_SwiftUI.framework */ = {isa = PBXFileReference; explicitFileType = wrapper.framework; includeInIndex = 0; path = Pods_Common_FueledUtilsTests_SwiftUI.framework; sourceTree = BUILT_PRODUCTS_DIR; };
		607FACE51AFB9204008FA782 /* FueledUtilsTests.xctest */ = {isa = PBXFileReference; explicitFileType = wrapper.cfbundle; includeInIndex = 0; path = FueledUtilsTests.xctest; sourceTree = BUILT_PRODUCTS_DIR; };
		65B56BF0A7147538E12F737F /* Pods-Common-FueledUtilsTests-SwiftUI.debug.xcconfig */ = {isa = PBXFileReference; includeInIndex = 1; lastKnownFileType = text.xcconfig; name = "Pods-Common-FueledUtilsTests-SwiftUI.debug.xcconfig"; path = "Target Support Files/Pods-Common-FueledUtilsTests-SwiftUI/Pods-Common-FueledUtilsTests-SwiftUI.debug.xcconfig"; sourceTree = "<group>"; };
		ACF665E90E66C2B35C6C5C05 /* Pods-Common-FueledUtilsTests-ReactiveSwift.release.xcconfig */ = {isa = PBXFileReference; includeInIndex = 1; lastKnownFileType = text.xcconfig; name = "Pods-Common-FueledUtilsTests-ReactiveSwift.release.xcconfig"; path = "Target Support Files/Pods-Common-FueledUtilsTests-ReactiveSwift/Pods-Common-FueledUtilsTests-ReactiveSwift.release.xcconfig"; sourceTree = "<group>"; };
		CF40A2CC4151F8E9B373D243 /* FueledUtils.podspec */ = {isa = PBXFileReference; includeInIndex = 1; lastKnownFileType = text; name = FueledUtils.podspec; path = ../FueledUtils.podspec; sourceTree = "<group>"; xcLanguageSpecificationIdentifier = xcode.lang.ruby; };
		D43FD9799A872E88963939C1 /* Pods-Common-FueledUtilsTests.debug.xcconfig */ = {isa = PBXFileReference; includeInIndex = 1; lastKnownFileType = text.xcconfig; name = "Pods-Common-FueledUtilsTests.debug.xcconfig"; path = "Target Support Files/Pods-Common-FueledUtilsTests/Pods-Common-FueledUtilsTests.debug.xcconfig"; sourceTree = "<group>"; };
		D498AEE5BC8A0A514416E6DA /* Pods-Common-FueledUtilsTests-ReactiveSwift.debug.xcconfig */ = {isa = PBXFileReference; includeInIndex = 1; lastKnownFileType = text.xcconfig; name = "Pods-Common-FueledUtilsTests-ReactiveSwift.debug.xcconfig"; path = "Target Support Files/Pods-Common-FueledUtilsTests-ReactiveSwift/Pods-Common-FueledUtilsTests-ReactiveSwift.debug.xcconfig"; sourceTree = "<group>"; };
		E7AC5BA00D7F6054AC66E468 /* README.md */ = {isa = PBXFileReference; includeInIndex = 1; lastKnownFileType = net.daringfireball.markdown; name = README.md; path = ../README.md; sourceTree = "<group>"; };
		F429742925378348004BFA85 /* ReactiveOverridingActionSpec.swift */ = {isa = PBXFileReference; fileEncoding = 4; lastKnownFileType = sourcecode.swift; path = ReactiveOverridingActionSpec.swift; sourceTree = "<group>"; };
		F429742D25378425004BFA85 /* OverridingActionSpec.swift */ = {isa = PBXFileReference; fileEncoding = 4; lastKnownFileType = sourcecode.swift; path = OverridingActionSpec.swift; sourceTree = "<group>"; };
		F453AA7A2538DE55008F045B /* CombineLatestManySpec.swift */ = {isa = PBXFileReference; lastKnownFileType = sourcecode.swift; path = CombineLatestManySpec.swift; sourceTree = "<group>"; };
		F463C73A241835DD000A0B29 /* ReactiveCoalescingActionSpec.swift */ = {isa = PBXFileReference; fileEncoding = 4; lastKnownFileType = sourcecode.swift; path = ReactiveCoalescingActionSpec.swift; sourceTree = "<group>"; };
		F463C73B241835DD000A0B29 /* ReactiveSwiftExtensionsSpec.swift */ = {isa = PBXFileReference; fileEncoding = 4; lastKnownFileType = sourcecode.swift; path = ReactiveSwiftExtensionsSpec.swift; sourceTree = "<group>"; };
		F463C73F241835EA000A0B29 /* Info.plist */ = {isa = PBXFileReference; lastKnownFileType = text.plist.xml; path = Info.plist; sourceTree = "<group>"; };
		F46CDEA885028D8DB189B3CB /* Pods_Common_FueledUtilsTests.framework */ = {isa = PBXFileReference; explicitFileType = wrapper.framework; includeInIndex = 0; path = Pods_Common_FueledUtilsTests.framework; sourceTree = BUILT_PRODUCTS_DIR; };
		F46D2DA5252E4E4A00B6987A /* OrderedSetSpec.swift */ = {isa = PBXFileReference; lastKnownFileType = sourcecode.swift; path = OrderedSetSpec.swift; sourceTree = "<group>"; };
		F499631F2537459200E2D4B5 /* CoalescingActionSpec.swift */ = {isa = PBXFileReference; fileEncoding = 4; lastKnownFileType = sourcecode.swift; path = CoalescingActionSpec.swift; sourceTree = "<group>"; };
		F7F10FE9C8384333882C2368 /* LICENSE */ = {isa = PBXFileReference; includeInIndex = 1; lastKnownFileType = text; name = LICENSE; path = ../LICENSE; sourceTree = "<group>"; };
/* End PBXFileReference section */

/* Begin PBXFrameworksBuildPhase section */
		607FACE21AFB9204008FA782 /* Frameworks */ = {
			isa = PBXFrameworksBuildPhase;
			buildActionMask = 2147483647;
			files = (
				EE9B3A498587AC2D3461D310 /* Pods_Common_FueledUtilsTests.framework in Frameworks */,
			);
			runOnlyForDeploymentPostprocessing = 0;
		};
/* End PBXFrameworksBuildPhase section */

/* Begin PBXGroup section */
		29F7E676D0DA9F23C4893ECA /* Pods */ = {
			isa = PBXGroup;
			children = (
				D498AEE5BC8A0A514416E6DA /* Pods-Common-FueledUtilsTests-ReactiveSwift.debug.xcconfig */,
				ACF665E90E66C2B35C6C5C05 /* Pods-Common-FueledUtilsTests-ReactiveSwift.release.xcconfig */,
				65B56BF0A7147538E12F737F /* Pods-Common-FueledUtilsTests-SwiftUI.debug.xcconfig */,
				3297A6B2D4B923F8F27CD6A5 /* Pods-Common-FueledUtilsTests-SwiftUI.release.xcconfig */,
				D43FD9799A872E88963939C1 /* Pods-Common-FueledUtilsTests.debug.xcconfig */,
				00B6C3B54CADD6729AF81F36 /* Pods-Common-FueledUtilsTests.release.xcconfig */,
			);
			path = Pods;
			sourceTree = "<group>";
		};
		607FACC71AFB9204008FA782 = {
			isa = PBXGroup;
			children = (
				607FACF51AFB993E008FA782 /* Podspec Metadata */,
				F463C739241835DD000A0B29 /* Tests */,
				F463C73E241835EA000A0B29 /* Supporting Files */,
				607FACD11AFB9204008FA782 /* Products */,
				29F7E676D0DA9F23C4893ECA /* Pods */,
				8CF3F11B25F743ED68711CBC /* Frameworks */,
			);
			sourceTree = "<group>";
		};
		607FACD11AFB9204008FA782 /* Products */ = {
			isa = PBXGroup;
			children = (
				607FACE51AFB9204008FA782 /* FueledUtilsTests.xctest */,
			);
			name = Products;
			sourceTree = "<group>";
		};
		607FACF51AFB993E008FA782 /* Podspec Metadata */ = {
			isa = PBXGroup;
			children = (
				CF40A2CC4151F8E9B373D243 /* FueledUtils.podspec */,
				E7AC5BA00D7F6054AC66E468 /* README.md */,
				F7F10FE9C8384333882C2368 /* LICENSE */,
			);
			name = "Podspec Metadata";
			sourceTree = "<group>";
		};
		8CF3F11B25F743ED68711CBC /* Frameworks */ = {
			isa = PBXGroup;
			children = (
				39EF9AE56A510B26CCC488B7 /* Pods_Common_FueledUtilsTests_SwiftUI.framework */,
				F46CDEA885028D8DB189B3CB /* Pods_Common_FueledUtilsTests.framework */,
			);
			name = Frameworks;
			sourceTree = "<group>";
		};
		F463C739241835DD000A0B29 /* Tests */ = {
			isa = PBXGroup;
			children = (
				F499631F2537459200E2D4B5 /* CoalescingActionSpec.swift */,
				F46D2DA5252E4E4A00B6987A /* OrderedSetSpec.swift */,
				F429742D25378425004BFA85 /* OverridingActionSpec.swift */,
				F463C73A241835DD000A0B29 /* ReactiveCoalescingActionSpec.swift */,
				F463C73B241835DD000A0B29 /* ReactiveSwiftExtensionsSpec.swift */,
				F429742925378348004BFA85 /* ReactiveOverridingActionSpec.swift */,
				F453AA7A2538DE55008F045B /* CombineLatestManySpec.swift */,
			);
			path = Tests;
			sourceTree = "<group>";
		};
		F463C73E241835EA000A0B29 /* Supporting Files */ = {
			isa = PBXGroup;
			children = (
				F463C73F241835EA000A0B29 /* Info.plist */,
			);
			path = "Supporting Files";
			sourceTree = "<group>";
		};
/* End PBXGroup section */

/* Begin PBXNativeTarget section */
		607FACE41AFB9204008FA782 /* FueledUtilsTests */ = {
			isa = PBXNativeTarget;
			buildConfigurationList = 607FACF21AFB9204008FA782 /* Build configuration list for PBXNativeTarget "FueledUtilsTests" */;
			buildPhases = (
				7A704080E54E9F7FB6D2806D /* [CP] Check Pods Manifest.lock */,
				607FACE11AFB9204008FA782 /* Sources */,
				607FACE21AFB9204008FA782 /* Frameworks */,
				607FACE31AFB9204008FA782 /* Resources */,
				41CB9636F71B84882C2E6A45 /* [CP] Embed Pods Frameworks */,
			);
			buildRules = (
			);
			dependencies = (
			);
			name = FueledUtilsTests;
			productName = Tests;
			productReference = 607FACE51AFB9204008FA782 /* FueledUtilsTests.xctest */;
			productType = "com.apple.product-type.bundle.unit-test";
		};
/* End PBXNativeTarget section */

/* Begin PBXProject section */
		607FACC81AFB9204008FA782 /* Project object */ = {
			isa = PBXProject;
			attributes = {
				LastSwiftUpdateCheck = 1140;
				LastUpgradeCheck = 1140;
				ORGANIZATIONNAME = CocoaPods;
				TargetAttributes = {
					607FACE41AFB9204008FA782 = {
						CreatedOnToolsVersion = 6.3.1;
						LastSwiftMigration = 0900;
					};
				};
			};
			buildConfigurationList = 607FACCB1AFB9204008FA782 /* Build configuration list for PBXProject "FueledUtils" */;
			compatibilityVersion = "Xcode 3.2";
			developmentRegion = en;
			hasScannedForEncodings = 0;
			knownRegions = (
				en,
				Base,
			);
			mainGroup = 607FACC71AFB9204008FA782;
			productRefGroup = 607FACD11AFB9204008FA782 /* Products */;
			projectDirPath = "";
			projectRoot = "";
			targets = (
				607FACE41AFB9204008FA782 /* FueledUtilsTests */,
			);
		};
/* End PBXProject section */

/* Begin PBXResourcesBuildPhase section */
		607FACE31AFB9204008FA782 /* Resources */ = {
			isa = PBXResourcesBuildPhase;
			buildActionMask = 2147483647;
			files = (
			);
			runOnlyForDeploymentPostprocessing = 0;
		};
/* End PBXResourcesBuildPhase section */

/* Begin PBXShellScriptBuildPhase section */
		41CB9636F71B84882C2E6A45 /* [CP] Embed Pods Frameworks */ = {
			isa = PBXShellScriptBuildPhase;
			buildActionMask = 2147483647;
			files = (
			);
			inputPaths = (
				"${PODS_ROOT}/Target Support Files/Pods-Common-FueledUtilsTests/Pods-Common-FueledUtilsTests-frameworks.sh",
				"${BUILT_PRODUCTS_DIR}/FueledUtils/FueledUtils.framework",
				"${BUILT_PRODUCTS_DIR}/Nimble/Nimble.framework",
				"${BUILT_PRODUCTS_DIR}/Quick/Quick.framework",
				"${BUILT_PRODUCTS_DIR}/ReactiveCocoa/ReactiveCocoa.framework",
				"${BUILT_PRODUCTS_DIR}/ReactiveSwift/ReactiveSwift.framework",
			);
			name = "[CP] Embed Pods Frameworks";
			outputPaths = (
				"${TARGET_BUILD_DIR}/${FRAMEWORKS_FOLDER_PATH}/FueledUtils.framework",
				"${TARGET_BUILD_DIR}/${FRAMEWORKS_FOLDER_PATH}/Nimble.framework",
				"${TARGET_BUILD_DIR}/${FRAMEWORKS_FOLDER_PATH}/Quick.framework",
				"${TARGET_BUILD_DIR}/${FRAMEWORKS_FOLDER_PATH}/ReactiveCocoa.framework",
				"${TARGET_BUILD_DIR}/${FRAMEWORKS_FOLDER_PATH}/ReactiveSwift.framework",
			);
			runOnlyForDeploymentPostprocessing = 0;
			shellPath = /bin/sh;
			shellScript = "\"${PODS_ROOT}/Target Support Files/Pods-Common-FueledUtilsTests/Pods-Common-FueledUtilsTests-frameworks.sh\"\n";
			showEnvVarsInLog = 0;
		};
		7A704080E54E9F7FB6D2806D /* [CP] Check Pods Manifest.lock */ = {
			isa = PBXShellScriptBuildPhase;
			buildActionMask = 2147483647;
			files = (
			);
			inputFileListPaths = (
			);
			inputPaths = (
				"${PODS_PODFILE_DIR_PATH}/Podfile.lock",
				"${PODS_ROOT}/Manifest.lock",
			);
			name = "[CP] Check Pods Manifest.lock";
			outputFileListPaths = (
			);
			outputPaths = (
				"$(DERIVED_FILE_DIR)/Pods-Common-FueledUtilsTests-checkManifestLockResult.txt",
			);
			runOnlyForDeploymentPostprocessing = 0;
			shellPath = /bin/sh;
			shellScript = "diff \"${PODS_PODFILE_DIR_PATH}/Podfile.lock\" \"${PODS_ROOT}/Manifest.lock\" > /dev/null\nif [ $? != 0 ] ; then\n    # print error to STDERR\n    echo \"error: The sandbox is not in sync with the Podfile.lock. Run 'pod install' or update your CocoaPods installation.\" >&2\n    exit 1\nfi\n# This output is used by Xcode 'outputs' to avoid re-running this script phase.\necho \"SUCCESS\" > \"${SCRIPT_OUTPUT_FILE_0}\"\n";
			showEnvVarsInLog = 0;
		};
/* End PBXShellScriptBuildPhase section */

/* Begin PBXSourcesBuildPhase section */
		607FACE11AFB9204008FA782 /* Sources */ = {
			isa = PBXSourcesBuildPhase;
			buildActionMask = 2147483647;
			files = (
				F453AA7B2538DE55008F045B /* CombineLatestManySpec.swift in Sources */,
				F453AA802538E05E008F045B /* OrderedSetSpec.swift in Sources */,
				F453AA822538E05E008F045B /* OverridingActionSpec.swift in Sources */,
				F453AA832538E05E008F045B /* ReactiveCoalescingActionSpec.swift in Sources */,
				F453AA812538E05E008F045B /* CoalescingActionSpec.swift in Sources */,
				F453AA7F2538E05E008F045B /* ReactiveSwiftExtensionsSpec.swift in Sources */,
				F453AA842538E05E008F045B /* ReactiveOverridingActionSpec.swift in Sources */,
			);
			runOnlyForDeploymentPostprocessing = 0;
		};
/* End PBXSourcesBuildPhase section */

/* Begin XCBuildConfiguration section */
		607FACED1AFB9204008FA782 /* Debug */ = {
			isa = XCBuildConfiguration;
			buildSettings = {
				ALWAYS_SEARCH_USER_PATHS = NO;
				CLANG_ANALYZER_LOCALIZABILITY_NONLOCALIZED = YES;
				CLANG_CXX_LANGUAGE_STANDARD = "gnu++0x";
				CLANG_CXX_LIBRARY = "libc++";
				CLANG_ENABLE_MODULES = YES;
				CLANG_ENABLE_OBJC_ARC = YES;
				CLANG_WARN_BLOCK_CAPTURE_AUTORELEASING = YES;
				CLANG_WARN_BOOL_CONVERSION = YES;
				CLANG_WARN_COMMA = YES;
				CLANG_WARN_CONSTANT_CONVERSION = YES;
				CLANG_WARN_DEPRECATED_OBJC_IMPLEMENTATIONS = YES;
				CLANG_WARN_DIRECT_OBJC_ISA_USAGE = YES_ERROR;
				CLANG_WARN_EMPTY_BODY = YES;
				CLANG_WARN_ENUM_CONVERSION = YES;
				CLANG_WARN_INFINITE_RECURSION = YES;
				CLANG_WARN_INT_CONVERSION = YES;
				CLANG_WARN_NON_LITERAL_NULL_CONVERSION = YES;
				CLANG_WARN_OBJC_IMPLICIT_RETAIN_SELF = YES;
				CLANG_WARN_OBJC_LITERAL_CONVERSION = YES;
				CLANG_WARN_OBJC_ROOT_CLASS = YES_ERROR;
				CLANG_WARN_RANGE_LOOP_ANALYSIS = YES;
				CLANG_WARN_STRICT_PROTOTYPES = YES;
				CLANG_WARN_SUSPICIOUS_MOVE = YES;
				CLANG_WARN_UNREACHABLE_CODE = YES;
				CLANG_WARN__DUPLICATE_METHOD_MATCH = YES;
				"CODE_SIGN_IDENTITY[sdk=iphoneos*]" = "iPhone Developer";
				COPY_PHASE_STRIP = NO;
				DEBUG_INFORMATION_FORMAT = "dwarf-with-dsym";
				ENABLE_STRICT_OBJC_MSGSEND = YES;
				ENABLE_TESTABILITY = YES;
				GCC_C_LANGUAGE_STANDARD = gnu99;
				GCC_DYNAMIC_NO_PIC = NO;
				GCC_NO_COMMON_BLOCKS = YES;
				GCC_OPTIMIZATION_LEVEL = 0;
				GCC_PREPROCESSOR_DEFINITIONS = (
					"DEBUG=1",
					"$(inherited)",
				);
				GCC_SYMBOLS_PRIVATE_EXTERN = NO;
				GCC_WARN_64_TO_32_BIT_CONVERSION = YES;
				GCC_WARN_ABOUT_RETURN_TYPE = YES_ERROR;
				GCC_WARN_UNDECLARED_SELECTOR = YES;
				GCC_WARN_UNINITIALIZED_AUTOS = YES_AGGRESSIVE;
				GCC_WARN_UNUSED_FUNCTION = YES;
				GCC_WARN_UNUSED_VARIABLE = YES;
				MTL_ENABLE_DEBUG_INFO = YES;
				ONLY_ACTIVE_ARCH = YES;
				SDKROOT = iphoneos;
				SWIFT_OPTIMIZATION_LEVEL = "-Onone";
			};
			name = Debug;
		};
		607FACEE1AFB9204008FA782 /* Release */ = {
			isa = XCBuildConfiguration;
			buildSettings = {
				ALWAYS_SEARCH_USER_PATHS = NO;
				CLANG_ANALYZER_LOCALIZABILITY_NONLOCALIZED = YES;
				CLANG_CXX_LANGUAGE_STANDARD = "gnu++0x";
				CLANG_CXX_LIBRARY = "libc++";
				CLANG_ENABLE_MODULES = YES;
				CLANG_ENABLE_OBJC_ARC = YES;
				CLANG_WARN_BLOCK_CAPTURE_AUTORELEASING = YES;
				CLANG_WARN_BOOL_CONVERSION = YES;
				CLANG_WARN_COMMA = YES;
				CLANG_WARN_CONSTANT_CONVERSION = YES;
				CLANG_WARN_DEPRECATED_OBJC_IMPLEMENTATIONS = YES;
				CLANG_WARN_DIRECT_OBJC_ISA_USAGE = YES_ERROR;
				CLANG_WARN_EMPTY_BODY = YES;
				CLANG_WARN_ENUM_CONVERSION = YES;
				CLANG_WARN_INFINITE_RECURSION = YES;
				CLANG_WARN_INT_CONVERSION = YES;
				CLANG_WARN_NON_LITERAL_NULL_CONVERSION = YES;
				CLANG_WARN_OBJC_IMPLICIT_RETAIN_SELF = YES;
				CLANG_WARN_OBJC_LITERAL_CONVERSION = YES;
				CLANG_WARN_OBJC_ROOT_CLASS = YES_ERROR;
				CLANG_WARN_RANGE_LOOP_ANALYSIS = YES;
				CLANG_WARN_STRICT_PROTOTYPES = YES;
				CLANG_WARN_SUSPICIOUS_MOVE = YES;
				CLANG_WARN_UNREACHABLE_CODE = YES;
				CLANG_WARN__DUPLICATE_METHOD_MATCH = YES;
				"CODE_SIGN_IDENTITY[sdk=iphoneos*]" = "iPhone Developer";
				COPY_PHASE_STRIP = NO;
				DEBUG_INFORMATION_FORMAT = "dwarf-with-dsym";
				ENABLE_NS_ASSERTIONS = NO;
				ENABLE_STRICT_OBJC_MSGSEND = YES;
				GCC_C_LANGUAGE_STANDARD = gnu99;
				GCC_NO_COMMON_BLOCKS = YES;
				GCC_WARN_64_TO_32_BIT_CONVERSION = YES;
				GCC_WARN_ABOUT_RETURN_TYPE = YES_ERROR;
				GCC_WARN_UNDECLARED_SELECTOR = YES;
				GCC_WARN_UNINITIALIZED_AUTOS = YES_AGGRESSIVE;
				GCC_WARN_UNUSED_FUNCTION = YES;
				GCC_WARN_UNUSED_VARIABLE = YES;
				MTL_ENABLE_DEBUG_INFO = NO;
				SDKROOT = iphoneos;
				SWIFT_OPTIMIZATION_LEVEL = "-Owholemodule";
				VALIDATE_PRODUCT = YES;
			};
			name = Release;
		};
		607FACF31AFB9204008FA782 /* Debug */ = {
			isa = XCBuildConfiguration;
			baseConfigurationReference = D43FD9799A872E88963939C1 /* Pods-Common-FueledUtilsTests.debug.xcconfig */;
			buildSettings = {
				FRAMEWORK_SEARCH_PATHS = (
					"$(PLATFORM_DIR)/Developer/Library/Frameworks",
					"$(inherited)",
				);
				GCC_PREPROCESSOR_DEFINITIONS = (
					"DEBUG=1",
					"$(inherited)",
				);
				INFOPLIST_FILE = "Supporting Files/Info.plist";
				LD_RUNPATH_SEARCH_PATHS = "$(inherited) @executable_path/Frameworks @loader_path/Frameworks";
				PRODUCT_BUNDLE_IDENTIFIER = "com.fueled.$(PRODUCT_NAME:rfc1034identifier)";
				PRODUCT_NAME = "$(TARGET_NAME)";
				SWIFT_SWIFT3_OBJC_INFERENCE = Default;
				SWIFT_VERSION = 5.0;
			};
			name = Debug;
		};
		607FACF41AFB9204008FA782 /* Release */ = {
			isa = XCBuildConfiguration;
			baseConfigurationReference = 00B6C3B54CADD6729AF81F36 /* Pods-Common-FueledUtilsTests.release.xcconfig */;
			buildSettings = {
				FRAMEWORK_SEARCH_PATHS = (
					"$(PLATFORM_DIR)/Developer/Library/Frameworks",
					"$(inherited)",
				);
				INFOPLIST_FILE = "Supporting Files/Info.plist";
				LD_RUNPATH_SEARCH_PATHS = "$(inherited) @executable_path/Frameworks @loader_path/Frameworks";
				PRODUCT_BUNDLE_IDENTIFIER = "com.fueled.$(PRODUCT_NAME:rfc1034identifier)";
				PRODUCT_NAME = "$(TARGET_NAME)";
				SWIFT_SWIFT3_OBJC_INFERENCE = Default;
				SWIFT_VERSION = 5.0;
			};
			name = Release;
		};
/* End XCBuildConfiguration section */

/* Begin XCConfigurationList section */
		607FACCB1AFB9204008FA782 /* Build configuration list for PBXProject "FueledUtils" */ = {
			isa = XCConfigurationList;
			buildConfigurations = (
				607FACED1AFB9204008FA782 /* Debug */,
				607FACEE1AFB9204008FA782 /* Release */,
			);
			defaultConfigurationIsVisible = 0;
			defaultConfigurationName = Release;
		};
		607FACF21AFB9204008FA782 /* Build configuration list for PBXNativeTarget "FueledUtilsTests" */ = {
			isa = XCConfigurationList;
			buildConfigurations = (
				607FACF31AFB9204008FA782 /* Debug */,
				607FACF41AFB9204008FA782 /* Release */,
			);
			defaultConfigurationIsVisible = 0;
			defaultConfigurationName = Release;
		};
/* End XCConfigurationList section */
	};
	rootObject = 607FACC81AFB9204008FA782 /* Project object */;
}
